// !$*UTF8*$!
{
	archiveVersion = 1;
	classes = {
	};
	objectVersion = 46;
	objects = {

/* Begin PBXBuildFile section */
		84008C6D1A75FAB40012F873 /* SocketHelper.m in Sources */ = {isa = PBXBuildFile; fileRef = 84008C6C1A75FAB40012F873 /* SocketHelper.m */; };
		8403EDC41A51036E001421D3 /* UIColor+String.m in Sources */ = {isa = PBXBuildFile; fileRef = 8403EDC31A51036E001421D3 /* UIColor+String.m */; };
		8403EDD01A5681F7001421D3 /* SyncHelper.m in Sources */ = {isa = PBXBuildFile; fileRef = 8403EDCF1A5681F7001421D3 /* SyncHelper.m */; };
		8403EDD31A5685A4001421D3 /* FastOrdering.xcdatamodeld in Sources */ = {isa = PBXBuildFile; fileRef = 8403EDD11A5685A4001421D3 /* FastOrdering.xcdatamodeld */; };
		8408225D19F497A8009BE528 /* SRWebSocket.m in Sources */ = {isa = PBXBuildFile; fileRef = 8408225C19F497A8009BE528 /* SRWebSocket.m */; };
		8408226F19F49940009BE528 /* libicucore.dylib in Frameworks */ = {isa = PBXBuildFile; fileRef = 8408226E19F49940009BE528 /* libicucore.dylib */; };
		8408227119F49949009BE528 /* CFNetwork.framework in Frameworks */ = {isa = PBXBuildFile; fileRef = 8408227019F49949009BE528 /* CFNetwork.framework */; };
		8408227319F4994D009BE528 /* Security.framework in Frameworks */ = {isa = PBXBuildFile; fileRef = 8408227219F4994D009BE528 /* Security.framework */; };
		843C356B1B3FBBC7005D9959 /* MenuModel.m in Sources */ = {isa = PBXBuildFile; fileRef = 843C356A1B3FBBC7005D9959 /* MenuModel.m */; };
		843C35731B3FC20B005D9959 /* MenuModelTest.m in Sources */ = {isa = PBXBuildFile; fileRef = 843C35721B3FC20B005D9959 /* MenuModelTest.m */; };
		843C35751B3FCC3C005D9959 /* DishCategoryTest.m in Sources */ = {isa = PBXBuildFile; fileRef = 843C35741B3FCC3C005D9959 /* DishCategoryTest.m */; };
		843C357A1B40C546005D9959 /* OrderContentTest.m in Sources */ = {isa = PBXBuildFile; fileRef = 843C35791B40C546005D9959 /* OrderContentTest.m */; };
		844B06A61ABBB29A00DCFBB3 /* OrderMenuModel.m in Sources */ = {isa = PBXBuildFile; fileRef = 844B06A51ABBB29A00DCFBB3 /* OrderMenuModel.m */; };
		844B06A91ABBB2B000DCFBB3 /* OrderALaCarteModel.m in Sources */ = {isa = PBXBuildFile; fileRef = 844B06A81ABBB2B000DCFBB3 /* OrderALaCarteModel.m */; };
		844B06AC1ABBB58C00DCFBB3 /* Menu+Custom.m in Sources */ = {isa = PBXBuildFile; fileRef = 844B06AB1ABBB58C00DCFBB3 /* Menu+Custom.m */; };
		844B06B31ABBB76400DCFBB3 /* SLExpandableTableView.m in Sources */ = {isa = PBXBuildFile; fileRef = 844B06B21ABBB76400DCFBB3 /* SLExpandableTableView.m */; };
		844B06B81ABD4CF600DCFBB3 /* MenuExpandableCell.m in Sources */ = {isa = PBXBuildFile; fileRef = 844B06B71ABD4CF600DCFBB3 /* MenuExpandableCell.m */; };
		844B06BC1ABF804800DCFBB3 /* CommandMenuViewController.m in Sources */ = {isa = PBXBuildFile; fileRef = 844B06BA1ABF804800DCFBB3 /* CommandMenuViewController.m */; };
		844B06BD1ABF804800DCFBB3 /* CommandMenuView.xib in Resources */ = {isa = PBXBuildFile; fileRef = 844B06BB1ABF804800DCFBB3 /* CommandMenuView.xib */; };
		844B06C01ABF81FA00DCFBB3 /* CategoryExpandableCell.m in Sources */ = {isa = PBXBuildFile; fileRef = 844B06BF1ABF81FA00DCFBB3 /* CategoryExpandableCell.m */; };
		844B06C41ABF88D800DCFBB3 /* DishCell.m in Sources */ = {isa = PBXBuildFile; fileRef = 844B06C21ABF88D800DCFBB3 /* DishCell.m */; };
		844B06C51ABF88D800DCFBB3 /* DishCell.xib in Resources */ = {isa = PBXBuildFile; fileRef = 844B06C31ABF88D800DCFBB3 /* DishCell.xib */; };
		845701281B1C0FB400532ED5 /* OrderTests.m in Sources */ = {isa = PBXBuildFile; fileRef = 845701271B1C0FB400532ED5 /* OrderTests.m */; };
		845DE83A1B7FBFC700FF4509 /* SocketIO.m in Sources */ = {isa = PBXBuildFile; fileRef = 845DE8301B7FBFC700FF4509 /* SocketIO.m */; };
		845DE83B1B7FBFC700FF4509 /* SocketIOJSONSerialization.m in Sources */ = {isa = PBXBuildFile; fileRef = 845DE8321B7FBFC700FF4509 /* SocketIOJSONSerialization.m */; };
		845DE83C1B7FBFC700FF4509 /* SocketIOPacket.m in Sources */ = {isa = PBXBuildFile; fileRef = 845DE8341B7FBFC700FF4509 /* SocketIOPacket.m */; };
		845DE83D1B7FBFC700FF4509 /* SocketIOTransportWebsocket.m in Sources */ = {isa = PBXBuildFile; fileRef = 845DE8371B7FBFC700FF4509 /* SocketIOTransportWebsocket.m */; };
		845DE83E1B7FBFC700FF4509 /* SocketIOTransportXHR.m in Sources */ = {isa = PBXBuildFile; fileRef = 845DE8391B7FBFC700FF4509 /* SocketIOTransportXHR.m */; };
		845DE85F1B9B452400FF4509 /* Base64.m in Sources */ = {isa = PBXBuildFile; fileRef = 845DE8411B9B452400FF4509 /* Base64.m */; };
		845DE8601B9B452400FF4509 /* UNIBaseRequest.m in Sources */ = {isa = PBXBuildFile; fileRef = 845DE8441B9B452400FF4509 /* UNIBaseRequest.m */; };
		845DE8611B9B452400FF4509 /* UNIBodyRequest.m in Sources */ = {isa = PBXBuildFile; fileRef = 845DE8461B9B452400FF4509 /* UNIBodyRequest.m */; };
		845DE8621B9B452400FF4509 /* UNISimpleRequest.m in Sources */ = {isa = PBXBuildFile; fileRef = 845DE8481B9B452400FF4509 /* UNISimpleRequest.m */; };
		845DE8631B9B452400FF4509 /* UNIHTTPBinaryResponse.m in Sources */ = {isa = PBXBuildFile; fileRef = 845DE84B1B9B452400FF4509 /* UNIHTTPBinaryResponse.m */; };
		845DE8641B9B452400FF4509 /* UNIHTTPJsonResponse.m in Sources */ = {isa = PBXBuildFile; fileRef = 845DE84D1B9B452400FF4509 /* UNIHTTPJsonResponse.m */; };
		845DE8651B9B452400FF4509 /* UNIHTTPResponse.m in Sources */ = {isa = PBXBuildFile; fileRef = 845DE84F1B9B452400FF4509 /* UNIHTTPResponse.m */; };
		845DE8661B9B452400FF4509 /* UNIHTTPStringResponse.m in Sources */ = {isa = PBXBuildFile; fileRef = 845DE8511B9B452400FF4509 /* UNIHTTPStringResponse.m */; };
		845DE8671B9B452400FF4509 /* UNIJsonNode.m in Sources */ = {isa = PBXBuildFile; fileRef = 845DE8531B9B452400FF4509 /* UNIJsonNode.m */; };
		845DE8681B9B452400FF4509 /* UNIHTTPClientHelper.m in Sources */ = {isa = PBXBuildFile; fileRef = 845DE8551B9B452400FF4509 /* UNIHTTPClientHelper.m */; };
		845DE8691B9B452400FF4509 /* UNIHTTPRequest.m in Sources */ = {isa = PBXBuildFile; fileRef = 845DE8571B9B452400FF4509 /* UNIHTTPRequest.m */; };
		845DE86A1B9B452400FF4509 /* UNIHTTPRequestWithBody.m in Sources */ = {isa = PBXBuildFile; fileRef = 845DE8591B9B452400FF4509 /* UNIHTTPRequestWithBody.m */; };
		845DE86B1B9B452500FF4509 /* UNIRest.m in Sources */ = {isa = PBXBuildFile; fileRef = 845DE85C1B9B452400FF4509 /* UNIRest.m */; };
		845DE86C1B9B452500FF4509 /* UNIUrlConnection.m in Sources */ = {isa = PBXBuildFile; fileRef = 845DE85E1B9B452400FF4509 /* UNIUrlConnection.m */; };
		84B1E9F71A569CC900985E57 /* CoreData.framework in Frameworks */ = {isa = PBXBuildFile; fileRef = 84B1E9F61A569CC900985E57 /* CoreData.framework */; settings = {ATTRIBUTES = (Required, ); }; };
		84B1EA421A57681100985E57 /* NSString+TrimmingAdditions.m in Sources */ = {isa = PBXBuildFile; fileRef = 84B1EA3F1A57681100985E57 /* NSString+TrimmingAdditions.m */; };
		84B1EA431A57681100985E57 /* SocketIO+SailsIO.m in Sources */ = {isa = PBXBuildFile; fileRef = 84B1EA411A57681100985E57 /* SocketIO+SailsIO.m */; };
		84B1EA4A1A59FF1300985E57 /* NSManagedObject+create.m in Sources */ = {isa = PBXBuildFile; fileRef = 84B1EA491A59FF1300985E57 /* NSManagedObject+create.m */; };
		84B1EA4D1A5A014400985E57 /* DishCategory+Custom.m in Sources */ = {isa = PBXBuildFile; fileRef = 84B1EA4C1A5A014400985E57 /* DishCategory+Custom.m */; };
		84B1EA501A5A033F00985E57 /* Dish+Custom.m in Sources */ = {isa = PBXBuildFile; fileRef = 84B1EA4F1A5A033F00985E57 /* Dish+Custom.m */; };
		84B1EA531A5A057800985E57 /* AboutViewController.m in Sources */ = {isa = PBXBuildFile; fileRef = 84B1EA521A5A057800985E57 /* AboutViewController.m */; };
		84B1EA551A5A058700985E57 /* AboutView.xib in Resources */ = {isa = PBXBuildFile; fileRef = 84B1EA541A5A058700985E57 /* AboutView.xib */; };
		84BF7D9D1A8F4A2000EC912B /* NotificationCell.m in Sources */ = {isa = PBXBuildFile; fileRef = 84BF7D9B1A8F4A2000EC912B /* NotificationCell.m */; };
		84BF7D9E1A8F4A2000EC912B /* NotificationCell.xib in Resources */ = {isa = PBXBuildFile; fileRef = 84BF7D9C1A8F4A2000EC912B /* NotificationCell.xib */; };
		84BF7DA21A8F4A4000EC912B /* OrderCell.m in Sources */ = {isa = PBXBuildFile; fileRef = 84BF7DA01A8F4A4000EC912B /* OrderCell.m */; };
		84BF7DA31A8F4A4000EC912B /* OrderCell.xib in Resources */ = {isa = PBXBuildFile; fileRef = 84BF7DA11A8F4A4000EC912B /* OrderCell.xib */; };
		84C1A17619EDE8D100E64B40 /* Foundation.framework in Frameworks */ = {isa = PBXBuildFile; fileRef = 84C1A17519EDE8D100E64B40 /* Foundation.framework */; };
		84C1A17819EDE8D100E64B40 /* CoreGraphics.framework in Frameworks */ = {isa = PBXBuildFile; fileRef = 84C1A17719EDE8D100E64B40 /* CoreGraphics.framework */; };
		84C1A17A19EDE8D100E64B40 /* UIKit.framework in Frameworks */ = {isa = PBXBuildFile; fileRef = 84C1A17919EDE8D100E64B40 /* UIKit.framework */; };
		84C1A18019EDE8D100E64B40 /* InfoPlist.strings in Resources */ = {isa = PBXBuildFile; fileRef = 84C1A17E19EDE8D100E64B40 /* InfoPlist.strings */; };
		84C1A18219EDE8D100E64B40 /* main.m in Sources */ = {isa = PBXBuildFile; fileRef = 84C1A18119EDE8D100E64B40 /* main.m */; };
		84C1A18619EDE8D100E64B40 /* AppDelegate.m in Sources */ = {isa = PBXBuildFile; fileRef = 84C1A18519EDE8D100E64B40 /* AppDelegate.m */; };
		84C1A18819EDE8D100E64B40 /* Images.xcassets in Resources */ = {isa = PBXBuildFile; fileRef = 84C1A18719EDE8D100E64B40 /* Images.xcassets */; };
		84C1A18F19EDE8D100E64B40 /* XCTest.framework in Frameworks */ = {isa = PBXBuildFile; fileRef = 84C1A18E19EDE8D100E64B40 /* XCTest.framework */; };
		84C1A19019EDE8D100E64B40 /* Foundation.framework in Frameworks */ = {isa = PBXBuildFile; fileRef = 84C1A17519EDE8D100E64B40 /* Foundation.framework */; };
		84C1A19119EDE8D100E64B40 /* UIKit.framework in Frameworks */ = {isa = PBXBuildFile; fileRef = 84C1A17919EDE8D100E64B40 /* UIKit.framework */; };
		84C1A19919EDE8D100E64B40 /* InfoPlist.strings in Resources */ = {isa = PBXBuildFile; fileRef = 84C1A19719EDE8D100E64B40 /* InfoPlist.strings */; };
		84C1A1B819EDEE8400E64B40 /* LoginViewController.m in Sources */ = {isa = PBXBuildFile; fileRef = 84C1A1B719EDEE8400E64B40 /* LoginViewController.m */; };
		84C1A1BE19EDF2E900E64B40 /* MainView.xib in Resources */ = {isa = PBXBuildFile; fileRef = 84C1A1BD19EDF2E900E64B40 /* MainView.xib */; };
		84C1A1C119EDF35C00E64B40 /* MainViewController.m in Sources */ = {isa = PBXBuildFile; fileRef = 84C1A1C019EDF35C00E64B40 /* MainViewController.m */; };
		84C1A1C319EDF39600E64B40 /* LoginView.xib in Resources */ = {isa = PBXBuildFile; fileRef = 84C1A1C219EDF39600E64B40 /* LoginView.xib */; };
		84C1A1C619EE02CC00E64B40 /* NotificationViewController.m in Sources */ = {isa = PBXBuildFile; fileRef = 84C1A1C519EE02CC00E64B40 /* NotificationViewController.m */; };
		84C1A1C819EE044800E64B40 /* NotificationView.xib in Resources */ = {isa = PBXBuildFile; fileRef = 84C1A1C719EE044800E64B40 /* NotificationView.xib */; };
		84C1A1CA19EE08A600E64B40 /* TablePlanView.xib in Resources */ = {isa = PBXBuildFile; fileRef = 84C1A1C919EE08A600E64B40 /* TablePlanView.xib */; };
		84C1A1CD19EE08B600E64B40 /* TablePlanViewController.m in Sources */ = {isa = PBXBuildFile; fileRef = 84C1A1CC19EE08B600E64B40 /* TablePlanViewController.m */; };
		84C1A1D019EE178400E64B40 /* MenuViewController.m in Sources */ = {isa = PBXBuildFile; fileRef = 84C1A1CF19EE178400E64B40 /* MenuViewController.m */; };
		84C1A1D219EE3CE300E64B40 /* MenuView.xib in Resources */ = {isa = PBXBuildFile; fileRef = 84C1A1D119EE3CE300E64B40 /* MenuView.xib */; };
		84C290FF1AEDE11900B8193C /* HistoryView.xib in Resources */ = {isa = PBXBuildFile; fileRef = 84C290FE1AEDE11800B8193C /* HistoryView.xib */; };
		84C291021AEDE12900B8193C /* HistoryViewController.m in Sources */ = {isa = PBXBuildFile; fileRef = 84C291011AEDE12900B8193C /* HistoryViewController.m */; };
		84CA65A81BD17D67009DE1B7 /* Localizable.strings in Resources */ = {isa = PBXBuildFile; fileRef = 84CA65A31BD17D67009DE1B7 /* Localizable.strings */; };
		84CA65A91BD17D67009DE1B7 /* Localizable.strings in Resources */ = {isa = PBXBuildFile; fileRef = 84CA65A61BD17D67009DE1B7 /* Localizable.strings */; };
		84CDA38D1AA6A9C200D3D502 /* CommandViewController.m in Sources */ = {isa = PBXBuildFile; fileRef = 84CDA38C1AA6A9C200D3D502 /* CommandViewController.m */; };
		84CDA38F1AA6A9D800D3D502 /* CommandView.xib in Resources */ = {isa = PBXBuildFile; fileRef = 84CDA38E1AA6A9D800D3D502 /* CommandView.xib */; };
		84D4B7B01AD22FBC00AF57F2 /* Order+Custom.m in Sources */ = {isa = PBXBuildFile; fileRef = 84D4B7AF1AD22FBC00AF57F2 /* Order+Custom.m */; };
		84D4B8071AD4D75100AF57F2 /* OrderReviewModel.m in Sources */ = {isa = PBXBuildFile; fileRef = 84D4B8061AD4D75100AF57F2 /* OrderReviewModel.m */; };
		84D4B80A1AD4D84100AF57F2 /* ReviewExpandableCell.m in Sources */ = {isa = PBXBuildFile; fileRef = 84D4B8091AD4D84100AF57F2 /* ReviewExpandableCell.m */; };
		84D6999B1BC3F50300520AB1 /* EditDishView.xib in Resources */ = {isa = PBXBuildFile; fileRef = 84D6999A1BC3F50300520AB1 /* EditDishView.xib */; };
		84D6999E1BC3FECC00520AB1 /* EditDishViewController.m in Sources */ = {isa = PBXBuildFile; fileRef = 84D6999D1BC3FECC00520AB1 /* EditDishViewController.m */; };
		84D699A21BC4032A00520AB1 /* OptionCell.m in Sources */ = {isa = PBXBuildFile; fileRef = 84D699A01BC4032A00520AB1 /* OptionCell.m */; };
		84D699A31BC4032A00520AB1 /* OptionCell.xib in Resources */ = {isa = PBXBuildFile; fileRef = 84D699A11BC4032A00520AB1 /* OptionCell.xib */; };
		84D699A71BC412A800520AB1 /* MenuComposition.m in Sources */ = {isa = PBXBuildFile; fileRef = 84D699A61BC412A800520AB1 /* MenuComposition.m */; };
		84D699AA1BC412A800520AB1 /* DishCategory.m in Sources */ = {isa = PBXBuildFile; fileRef = 84D699A91BC412A800520AB1 /* DishCategory.m */; };
		84D699AD1BC412A900520AB1 /* OrderedOption.m in Sources */ = {isa = PBXBuildFile; fileRef = 84D699AC1BC412A900520AB1 /* OrderedOption.m */; };
		84D699B01BC412A900520AB1 /* Menu.m in Sources */ = {isa = PBXBuildFile; fileRef = 84D699AF1BC412A900520AB1 /* Menu.m */; };
		84D699B31BC412A900520AB1 /* Dish.m in Sources */ = {isa = PBXBuildFile; fileRef = 84D699B21BC412A900520AB1 /* Dish.m */; };
		84D699B61BC412A900520AB1 /* Order.m in Sources */ = {isa = PBXBuildFile; fileRef = 84D699B51BC412A900520AB1 /* Order.m */; };
		84D699B91BC412A900520AB1 /* OrderContent.m in Sources */ = {isa = PBXBuildFile; fileRef = 84D699B81BC412A900520AB1 /* OrderContent.m */; };
		84D699BC1BC412A900520AB1 /* OrderedDish.m in Sources */ = {isa = PBXBuildFile; fileRef = 84D699BB1BC412A900520AB1 /* OrderedDish.m */; };
		84D699BF1BC412A900520AB1 /* Plan.m in Sources */ = {isa = PBXBuildFile; fileRef = 84D699BE1BC412A900520AB1 /* Plan.m */; };
		84D699C21BC412A900520AB1 /* Table.m in Sources */ = {isa = PBXBuildFile; fileRef = 84D699C11BC412A900520AB1 /* Table.m */; };
		84D699C81BC412A900520AB1 /* Notification.m in Sources */ = {isa = PBXBuildFile; fileRef = 84D699C71BC412A900520AB1 /* Notification.m */; };
		84D699CE1BC67F9900520AB1 /* OptionCategory.m in Sources */ = {isa = PBXBuildFile; fileRef = 84D699CD1BC67F9900520AB1 /* OptionCategory.m */; };
		84D699D11BC6822300520AB1 /* Option.m in Sources */ = {isa = PBXBuildFile; fileRef = 84D699D01BC6822300520AB1 /* Option.m */; };
		84D699D41BC68E9800520AB1 /* OrderedDish+Custom.m in Sources */ = {isa = PBXBuildFile; fileRef = 84D699D31BC68E9800520AB1 /* OrderedDish+Custom.m */; };
		84D699D81BC6B82C00520AB1 /* OrderedDishTest.m in Sources */ = {isa = PBXBuildFile; fileRef = 84D699D71BC6B82C00520AB1 /* OrderedDishTest.m */; };
		84E274541AE09BED00E5A32A /* OrderContent+Custom.m in Sources */ = {isa = PBXBuildFile; fileRef = 84E274531AE09BED00E5A32A /* OrderContent+Custom.m */; };
		84E274591AE09E3200E5A32A /* LoaderView.m in Sources */ = {isa = PBXBuildFile; fileRef = 84E274571AE09E3200E5A32A /* LoaderView.m */; };
		84E2745A1AE09E3200E5A32A /* LoaderView.xib in Resources */ = {isa = PBXBuildFile; fileRef = 84E274581AE09E3200E5A32A /* LoaderView.xib */; };
		84EF67231AA4001400702897 /* SyncTests.m in Sources */ = {isa = PBXBuildFile; fileRef = 84EF67221AA4001400702897 /* SyncTests.m */; };
/* End PBXBuildFile section */

/* Begin PBXContainerItemProxy section */
		84C1A19219EDE8D100E64B40 /* PBXContainerItemProxy */ = {
			isa = PBXContainerItemProxy;
			containerPortal = 84C1A16A19EDE8D100E64B40 /* Project object */;
			proxyType = 1;
			remoteGlobalIDString = 84C1A17119EDE8D100E64B40;
			remoteInfo = FastOrdering;
		};
/* End PBXContainerItemProxy section */

/* Begin PBXFileReference section */
		84008C6B1A75FAB40012F873 /* SocketHelper.h */ = {isa = PBXFileReference; fileEncoding = 4; lastKnownFileType = sourcecode.c.h; path = SocketHelper.h; sourceTree = "<group>"; };
		84008C6C1A75FAB40012F873 /* SocketHelper.m */ = {isa = PBXFileReference; fileEncoding = 4; lastKnownFileType = sourcecode.c.objc; path = SocketHelper.m; sourceTree = "<group>"; };
		8403EDC21A51036E001421D3 /* UIColor+String.h */ = {isa = PBXFileReference; fileEncoding = 4; lastKnownFileType = sourcecode.c.h; path = "UIColor+String.h"; sourceTree = "<group>"; };
		8403EDC31A51036E001421D3 /* UIColor+String.m */ = {isa = PBXFileReference; fileEncoding = 4; lastKnownFileType = sourcecode.c.objc; path = "UIColor+String.m"; sourceTree = "<group>"; };
		8403EDCE1A5681F7001421D3 /* SyncHelper.h */ = {isa = PBXFileReference; fileEncoding = 4; lastKnownFileType = sourcecode.c.h; path = SyncHelper.h; sourceTree = "<group>"; };
		8403EDCF1A5681F7001421D3 /* SyncHelper.m */ = {isa = PBXFileReference; fileEncoding = 4; lastKnownFileType = sourcecode.c.objc; path = SyncHelper.m; sourceTree = "<group>"; };
		8403EDD21A5685A4001421D3 /* FastOrdering.xcdatamodel */ = {isa = PBXFileReference; lastKnownFileType = wrapper.xcdatamodel; path = FastOrdering.xcdatamodel; sourceTree = "<group>"; };
		8408225B19F497A8009BE528 /* SRWebSocket.h */ = {isa = PBXFileReference; fileEncoding = 4; lastKnownFileType = sourcecode.c.h; path = SRWebSocket.h; sourceTree = "<group>"; };
		8408225C19F497A8009BE528 /* SRWebSocket.m */ = {isa = PBXFileReference; fileEncoding = 4; lastKnownFileType = sourcecode.c.objc; path = SRWebSocket.m; sourceTree = "<group>"; };
		8408226E19F49940009BE528 /* libicucore.dylib */ = {isa = PBXFileReference; lastKnownFileType = "compiled.mach-o.dylib"; name = libicucore.dylib; path = usr/lib/libicucore.dylib; sourceTree = SDKROOT; };
		8408227019F49949009BE528 /* CFNetwork.framework */ = {isa = PBXFileReference; lastKnownFileType = wrapper.framework; name = CFNetwork.framework; path = System/Library/Frameworks/CFNetwork.framework; sourceTree = SDKROOT; };
		8408227219F4994D009BE528 /* Security.framework */ = {isa = PBXFileReference; lastKnownFileType = wrapper.framework; name = Security.framework; path = System/Library/Frameworks/Security.framework; sourceTree = SDKROOT; };
		843C35691B3FBBC7005D9959 /* MenuModel.h */ = {isa = PBXFileReference; fileEncoding = 4; lastKnownFileType = sourcecode.c.h; path = MenuModel.h; sourceTree = "<group>"; };
		843C356A1B3FBBC7005D9959 /* MenuModel.m */ = {isa = PBXFileReference; fileEncoding = 4; lastKnownFileType = sourcecode.c.objc; path = MenuModel.m; sourceTree = "<group>"; };
		843C35721B3FC20B005D9959 /* MenuModelTest.m */ = {isa = PBXFileReference; fileEncoding = 4; lastKnownFileType = sourcecode.c.objc; path = MenuModelTest.m; sourceTree = "<group>"; };
		843C35741B3FCC3C005D9959 /* DishCategoryTest.m */ = {isa = PBXFileReference; fileEncoding = 4; lastKnownFileType = sourcecode.c.objc; path = DishCategoryTest.m; sourceTree = "<group>"; };
		843C35791B40C546005D9959 /* OrderContentTest.m */ = {isa = PBXFileReference; fileEncoding = 4; lastKnownFileType = sourcecode.c.objc; path = OrderContentTest.m; sourceTree = "<group>"; };
		844B06A41ABBB29A00DCFBB3 /* OrderMenuModel.h */ = {isa = PBXFileReference; fileEncoding = 4; lastKnownFileType = sourcecode.c.h; path = OrderMenuModel.h; sourceTree = "<group>"; };
		844B06A51ABBB29A00DCFBB3 /* OrderMenuModel.m */ = {isa = PBXFileReference; fileEncoding = 4; lastKnownFileType = sourcecode.c.objc; path = OrderMenuModel.m; sourceTree = "<group>"; };
		844B06A71ABBB2B000DCFBB3 /* OrderALaCarteModel.h */ = {isa = PBXFileReference; fileEncoding = 4; lastKnownFileType = sourcecode.c.h; path = OrderALaCarteModel.h; sourceTree = "<group>"; };
		844B06A81ABBB2B000DCFBB3 /* OrderALaCarteModel.m */ = {isa = PBXFileReference; fileEncoding = 4; lastKnownFileType = sourcecode.c.objc; path = OrderALaCarteModel.m; sourceTree = "<group>"; };
		844B06AA1ABBB58C00DCFBB3 /* Menu+Custom.h */ = {isa = PBXFileReference; fileEncoding = 4; lastKnownFileType = sourcecode.c.h; path = "Menu+Custom.h"; sourceTree = "<group>"; };
		844B06AB1ABBB58C00DCFBB3 /* Menu+Custom.m */ = {isa = PBXFileReference; fileEncoding = 4; lastKnownFileType = sourcecode.c.objc; path = "Menu+Custom.m"; sourceTree = "<group>"; };
		844B06B11ABBB76400DCFBB3 /* SLExpandableTableView.h */ = {isa = PBXFileReference; fileEncoding = 4; lastKnownFileType = sourcecode.c.h; path = SLExpandableTableView.h; sourceTree = "<group>"; };
		844B06B21ABBB76400DCFBB3 /* SLExpandableTableView.m */ = {isa = PBXFileReference; fileEncoding = 4; lastKnownFileType = sourcecode.c.objc; path = SLExpandableTableView.m; sourceTree = "<group>"; };
		844B06B61ABD4CF600DCFBB3 /* MenuExpandableCell.h */ = {isa = PBXFileReference; fileEncoding = 4; lastKnownFileType = sourcecode.c.h; path = MenuExpandableCell.h; sourceTree = "<group>"; };
		844B06B71ABD4CF600DCFBB3 /* MenuExpandableCell.m */ = {isa = PBXFileReference; fileEncoding = 4; lastKnownFileType = sourcecode.c.objc; path = MenuExpandableCell.m; sourceTree = "<group>"; };
		844B06B91ABF804800DCFBB3 /* CommandMenuViewController.h */ = {isa = PBXFileReference; fileEncoding = 4; lastKnownFileType = sourcecode.c.h; path = CommandMenuViewController.h; sourceTree = "<group>"; };
		844B06BA1ABF804800DCFBB3 /* CommandMenuViewController.m */ = {isa = PBXFileReference; fileEncoding = 4; lastKnownFileType = sourcecode.c.objc; path = CommandMenuViewController.m; sourceTree = "<group>"; };
		844B06BB1ABF804800DCFBB3 /* CommandMenuView.xib */ = {isa = PBXFileReference; fileEncoding = 4; lastKnownFileType = file.xib; name = CommandMenuView.xib; path = ../Sources/CommandMenuView.xib; sourceTree = "<group>"; };
		844B06BE1ABF81FA00DCFBB3 /* CategoryExpandableCell.h */ = {isa = PBXFileReference; fileEncoding = 4; lastKnownFileType = sourcecode.c.h; path = CategoryExpandableCell.h; sourceTree = "<group>"; };
		844B06BF1ABF81FA00DCFBB3 /* CategoryExpandableCell.m */ = {isa = PBXFileReference; fileEncoding = 4; lastKnownFileType = sourcecode.c.objc; path = CategoryExpandableCell.m; sourceTree = "<group>"; };
		844B06C11ABF88D800DCFBB3 /* DishCell.h */ = {isa = PBXFileReference; fileEncoding = 4; lastKnownFileType = sourcecode.c.h; path = DishCell.h; sourceTree = "<group>"; };
		844B06C21ABF88D800DCFBB3 /* DishCell.m */ = {isa = PBXFileReference; fileEncoding = 4; lastKnownFileType = sourcecode.c.objc; path = DishCell.m; sourceTree = "<group>"; };
		844B06C31ABF88D800DCFBB3 /* DishCell.xib */ = {isa = PBXFileReference; fileEncoding = 4; lastKnownFileType = file.xib; path = DishCell.xib; sourceTree = "<group>"; };
		845701271B1C0FB400532ED5 /* OrderTests.m */ = {isa = PBXFileReference; fileEncoding = 4; lastKnownFileType = sourcecode.c.objc; path = OrderTests.m; sourceTree = "<group>"; };
		845DE82F1B7FBFC700FF4509 /* SocketIO.h */ = {isa = PBXFileReference; fileEncoding = 4; lastKnownFileType = sourcecode.c.h; path = SocketIO.h; sourceTree = "<group>"; };
		845DE8301B7FBFC700FF4509 /* SocketIO.m */ = {isa = PBXFileReference; fileEncoding = 4; lastKnownFileType = sourcecode.c.objc; path = SocketIO.m; sourceTree = "<group>"; };
		845DE8311B7FBFC700FF4509 /* SocketIOJSONSerialization.h */ = {isa = PBXFileReference; fileEncoding = 4; lastKnownFileType = sourcecode.c.h; path = SocketIOJSONSerialization.h; sourceTree = "<group>"; };
		845DE8321B7FBFC700FF4509 /* SocketIOJSONSerialization.m */ = {isa = PBXFileReference; fileEncoding = 4; lastKnownFileType = sourcecode.c.objc; path = SocketIOJSONSerialization.m; sourceTree = "<group>"; };
		845DE8331B7FBFC700FF4509 /* SocketIOPacket.h */ = {isa = PBXFileReference; fileEncoding = 4; lastKnownFileType = sourcecode.c.h; path = SocketIOPacket.h; sourceTree = "<group>"; };
		845DE8341B7FBFC700FF4509 /* SocketIOPacket.m */ = {isa = PBXFileReference; fileEncoding = 4; lastKnownFileType = sourcecode.c.objc; path = SocketIOPacket.m; sourceTree = "<group>"; };
		845DE8351B7FBFC700FF4509 /* SocketIOTransport.h */ = {isa = PBXFileReference; fileEncoding = 4; lastKnownFileType = sourcecode.c.h; path = SocketIOTransport.h; sourceTree = "<group>"; };
		845DE8361B7FBFC700FF4509 /* SocketIOTransportWebsocket.h */ = {isa = PBXFileReference; fileEncoding = 4; lastKnownFileType = sourcecode.c.h; path = SocketIOTransportWebsocket.h; sourceTree = "<group>"; };
		845DE8371B7FBFC700FF4509 /* SocketIOTransportWebsocket.m */ = {isa = PBXFileReference; fileEncoding = 4; lastKnownFileType = sourcecode.c.objc; path = SocketIOTransportWebsocket.m; sourceTree = "<group>"; };
		845DE8381B7FBFC700FF4509 /* SocketIOTransportXHR.h */ = {isa = PBXFileReference; fileEncoding = 4; lastKnownFileType = sourcecode.c.h; path = SocketIOTransportXHR.h; sourceTree = "<group>"; };
		845DE8391B7FBFC700FF4509 /* SocketIOTransportXHR.m */ = {isa = PBXFileReference; fileEncoding = 4; lastKnownFileType = sourcecode.c.objc; path = SocketIOTransportXHR.m; sourceTree = "<group>"; };
		845DE8401B9B452400FF4509 /* Base64.h */ = {isa = PBXFileReference; fileEncoding = 4; lastKnownFileType = sourcecode.c.h; path = Base64.h; sourceTree = "<group>"; };
		845DE8411B9B452400FF4509 /* Base64.m */ = {isa = PBXFileReference; fileEncoding = 4; lastKnownFileType = sourcecode.c.objc; path = Base64.m; sourceTree = "<group>"; };
		845DE8431B9B452400FF4509 /* UNIBaseRequest.h */ = {isa = PBXFileReference; fileEncoding = 4; lastKnownFileType = sourcecode.c.h; path = UNIBaseRequest.h; sourceTree = "<group>"; };
		845DE8441B9B452400FF4509 /* UNIBaseRequest.m */ = {isa = PBXFileReference; fileEncoding = 4; lastKnownFileType = sourcecode.c.objc; path = UNIBaseRequest.m; sourceTree = "<group>"; };
		845DE8451B9B452400FF4509 /* UNIBodyRequest.h */ = {isa = PBXFileReference; fileEncoding = 4; lastKnownFileType = sourcecode.c.h; path = UNIBodyRequest.h; sourceTree = "<group>"; };
		845DE8461B9B452400FF4509 /* UNIBodyRequest.m */ = {isa = PBXFileReference; fileEncoding = 4; lastKnownFileType = sourcecode.c.objc; path = UNIBodyRequest.m; sourceTree = "<group>"; };
		845DE8471B9B452400FF4509 /* UNISimpleRequest.h */ = {isa = PBXFileReference; fileEncoding = 4; lastKnownFileType = sourcecode.c.h; path = UNISimpleRequest.h; sourceTree = "<group>"; };
		845DE8481B9B452400FF4509 /* UNISimpleRequest.m */ = {isa = PBXFileReference; fileEncoding = 4; lastKnownFileType = sourcecode.c.objc; path = UNISimpleRequest.m; sourceTree = "<group>"; };
		845DE84A1B9B452400FF4509 /* UNIHTTPBinaryResponse.h */ = {isa = PBXFileReference; fileEncoding = 4; lastKnownFileType = sourcecode.c.h; path = UNIHTTPBinaryResponse.h; sourceTree = "<group>"; };
		845DE84B1B9B452400FF4509 /* UNIHTTPBinaryResponse.m */ = {isa = PBXFileReference; fileEncoding = 4; lastKnownFileType = sourcecode.c.objc; path = UNIHTTPBinaryResponse.m; sourceTree = "<group>"; };
		845DE84C1B9B452400FF4509 /* UNIHTTPJsonResponse.h */ = {isa = PBXFileReference; fileEncoding = 4; lastKnownFileType = sourcecode.c.h; path = UNIHTTPJsonResponse.h; sourceTree = "<group>"; };
		845DE84D1B9B452400FF4509 /* UNIHTTPJsonResponse.m */ = {isa = PBXFileReference; fileEncoding = 4; lastKnownFileType = sourcecode.c.objc; path = UNIHTTPJsonResponse.m; sourceTree = "<group>"; };
		845DE84E1B9B452400FF4509 /* UNIHTTPResponse.h */ = {isa = PBXFileReference; fileEncoding = 4; lastKnownFileType = sourcecode.c.h; path = UNIHTTPResponse.h; sourceTree = "<group>"; };
		845DE84F1B9B452400FF4509 /* UNIHTTPResponse.m */ = {isa = PBXFileReference; fileEncoding = 4; lastKnownFileType = sourcecode.c.objc; path = UNIHTTPResponse.m; sourceTree = "<group>"; };
		845DE8501B9B452400FF4509 /* UNIHTTPStringResponse.h */ = {isa = PBXFileReference; fileEncoding = 4; lastKnownFileType = sourcecode.c.h; path = UNIHTTPStringResponse.h; sourceTree = "<group>"; };
		845DE8511B9B452400FF4509 /* UNIHTTPStringResponse.m */ = {isa = PBXFileReference; fileEncoding = 4; lastKnownFileType = sourcecode.c.objc; path = UNIHTTPStringResponse.m; sourceTree = "<group>"; };
		845DE8521B9B452400FF4509 /* UNIJsonNode.h */ = {isa = PBXFileReference; fileEncoding = 4; lastKnownFileType = sourcecode.c.h; path = UNIJsonNode.h; sourceTree = "<group>"; };
		845DE8531B9B452400FF4509 /* UNIJsonNode.m */ = {isa = PBXFileReference; fileEncoding = 4; lastKnownFileType = sourcecode.c.objc; path = UNIJsonNode.m; sourceTree = "<group>"; };
		845DE8541B9B452400FF4509 /* UNIHTTPClientHelper.h */ = {isa = PBXFileReference; fileEncoding = 4; lastKnownFileType = sourcecode.c.h; path = UNIHTTPClientHelper.h; sourceTree = "<group>"; };
		845DE8551B9B452400FF4509 /* UNIHTTPClientHelper.m */ = {isa = PBXFileReference; fileEncoding = 4; lastKnownFileType = sourcecode.c.objc; path = UNIHTTPClientHelper.m; sourceTree = "<group>"; };
		845DE8561B9B452400FF4509 /* UNIHTTPRequest.h */ = {isa = PBXFileReference; fileEncoding = 4; lastKnownFileType = sourcecode.c.h; path = UNIHTTPRequest.h; sourceTree = "<group>"; };
		845DE8571B9B452400FF4509 /* UNIHTTPRequest.m */ = {isa = PBXFileReference; fileEncoding = 4; lastKnownFileType = sourcecode.c.objc; path = UNIHTTPRequest.m; sourceTree = "<group>"; };
		845DE8581B9B452400FF4509 /* UNIHTTPRequestWithBody.h */ = {isa = PBXFileReference; fileEncoding = 4; lastKnownFileType = sourcecode.c.h; path = UNIHTTPRequestWithBody.h; sourceTree = "<group>"; };
		845DE8591B9B452400FF4509 /* UNIHTTPRequestWithBody.m */ = {isa = PBXFileReference; fileEncoding = 4; lastKnownFileType = sourcecode.c.objc; path = UNIHTTPRequestWithBody.m; sourceTree = "<group>"; };
		845DE85A1B9B452400FF4509 /* Unirest-Prefix.pch */ = {isa = PBXFileReference; fileEncoding = 4; lastKnownFileType = sourcecode.c.h; path = "Unirest-Prefix.pch"; sourceTree = "<group>"; };
		845DE85B1B9B452400FF4509 /* UNIRest.h */ = {isa = PBXFileReference; fileEncoding = 4; lastKnownFileType = sourcecode.c.h; path = UNIRest.h; sourceTree = "<group>"; };
		845DE85C1B9B452400FF4509 /* UNIRest.m */ = {isa = PBXFileReference; fileEncoding = 4; lastKnownFileType = sourcecode.c.objc; path = UNIRest.m; sourceTree = "<group>"; };
		845DE85D1B9B452400FF4509 /* UNIUrlConnection.h */ = {isa = PBXFileReference; fileEncoding = 4; lastKnownFileType = sourcecode.c.h; path = UNIUrlConnection.h; sourceTree = "<group>"; };
		845DE85E1B9B452400FF4509 /* UNIUrlConnection.m */ = {isa = PBXFileReference; fileEncoding = 4; lastKnownFileType = sourcecode.c.objc; path = UNIUrlConnection.m; sourceTree = "<group>"; };
		84B1E9F61A569CC900985E57 /* CoreData.framework */ = {isa = PBXFileReference; lastKnownFileType = wrapper.framework; name = CoreData.framework; path = System/Library/Frameworks/CoreData.framework; sourceTree = SDKROOT; };
		84B1EA3E1A57681100985E57 /* NSString+TrimmingAdditions.h */ = {isa = PBXFileReference; fileEncoding = 4; lastKnownFileType = sourcecode.c.h; path = "NSString+TrimmingAdditions.h"; sourceTree = "<group>"; };
		84B1EA3F1A57681100985E57 /* NSString+TrimmingAdditions.m */ = {isa = PBXFileReference; fileEncoding = 4; lastKnownFileType = sourcecode.c.objc; path = "NSString+TrimmingAdditions.m"; sourceTree = "<group>"; };
		84B1EA401A57681100985E57 /* SocketIO+SailsIO.h */ = {isa = PBXFileReference; fileEncoding = 4; lastKnownFileType = sourcecode.c.h; path = "SocketIO+SailsIO.h"; sourceTree = "<group>"; };
		84B1EA411A57681100985E57 /* SocketIO+SailsIO.m */ = {isa = PBXFileReference; fileEncoding = 4; lastKnownFileType = sourcecode.c.objc; path = "SocketIO+SailsIO.m"; sourceTree = "<group>"; };
		84B1EA481A59FF1300985E57 /* NSManagedObject+create.h */ = {isa = PBXFileReference; fileEncoding = 4; lastKnownFileType = sourcecode.c.h; path = "NSManagedObject+create.h"; sourceTree = "<group>"; };
		84B1EA491A59FF1300985E57 /* NSManagedObject+create.m */ = {isa = PBXFileReference; fileEncoding = 4; lastKnownFileType = sourcecode.c.objc; path = "NSManagedObject+create.m"; sourceTree = "<group>"; };
		84B1EA4B1A5A014400985E57 /* DishCategory+Custom.h */ = {isa = PBXFileReference; fileEncoding = 4; lastKnownFileType = sourcecode.c.h; path = "DishCategory+Custom.h"; sourceTree = "<group>"; };
		84B1EA4C1A5A014400985E57 /* DishCategory+Custom.m */ = {isa = PBXFileReference; fileEncoding = 4; lastKnownFileType = sourcecode.c.objc; path = "DishCategory+Custom.m"; sourceTree = "<group>"; };
		84B1EA4E1A5A033F00985E57 /* Dish+Custom.h */ = {isa = PBXFileReference; fileEncoding = 4; lastKnownFileType = sourcecode.c.h; path = "Dish+Custom.h"; sourceTree = "<group>"; };
		84B1EA4F1A5A033F00985E57 /* Dish+Custom.m */ = {isa = PBXFileReference; fileEncoding = 4; lastKnownFileType = sourcecode.c.objc; path = "Dish+Custom.m"; sourceTree = "<group>"; };
		84B1EA511A5A057800985E57 /* AboutViewController.h */ = {isa = PBXFileReference; fileEncoding = 4; lastKnownFileType = sourcecode.c.h; path = AboutViewController.h; sourceTree = "<group>"; };
		84B1EA521A5A057800985E57 /* AboutViewController.m */ = {isa = PBXFileReference; fileEncoding = 4; lastKnownFileType = sourcecode.c.objc; path = AboutViewController.m; sourceTree = "<group>"; };
		84B1EA541A5A058700985E57 /* AboutView.xib */ = {isa = PBXFileReference; fileEncoding = 4; lastKnownFileType = file.xib; path = AboutView.xib; sourceTree = "<group>"; };
		84BF7D9A1A8F4A2000EC912B /* NotificationCell.h */ = {isa = PBXFileReference; fileEncoding = 4; lastKnownFileType = sourcecode.c.h; path = NotificationCell.h; sourceTree = "<group>"; };
		84BF7D9B1A8F4A2000EC912B /* NotificationCell.m */ = {isa = PBXFileReference; fileEncoding = 4; lastKnownFileType = sourcecode.c.objc; path = NotificationCell.m; sourceTree = "<group>"; };
		84BF7D9C1A8F4A2000EC912B /* NotificationCell.xib */ = {isa = PBXFileReference; fileEncoding = 4; lastKnownFileType = file.xib; path = NotificationCell.xib; sourceTree = "<group>"; };
		84BF7D9F1A8F4A4000EC912B /* OrderCell.h */ = {isa = PBXFileReference; fileEncoding = 4; lastKnownFileType = sourcecode.c.h; path = OrderCell.h; sourceTree = "<group>"; };
		84BF7DA01A8F4A4000EC912B /* OrderCell.m */ = {isa = PBXFileReference; fileEncoding = 4; lastKnownFileType = sourcecode.c.objc; path = OrderCell.m; sourceTree = "<group>"; };
		84BF7DA11A8F4A4000EC912B /* OrderCell.xib */ = {isa = PBXFileReference; fileEncoding = 4; lastKnownFileType = file.xib; path = OrderCell.xib; sourceTree = "<group>"; };
		84BF7DA41A90210100EC912B /* fr */ = {isa = PBXFileReference; lastKnownFileType = text.plist.strings; name = fr; path = fr.lproj/InfoPlist.strings; sourceTree = "<group>"; };
		84BF7DA51A90210100EC912B /* fr */ = {isa = PBXFileReference; lastKnownFileType = text.plist.strings; name = fr; path = fr.lproj/InfoPlist.strings; sourceTree = "<group>"; };
		84C1A17219EDE8D100E64B40 /* FastOrdering.app */ = {isa = PBXFileReference; explicitFileType = wrapper.application; includeInIndex = 0; path = FastOrdering.app; sourceTree = BUILT_PRODUCTS_DIR; };
		84C1A17519EDE8D100E64B40 /* Foundation.framework */ = {isa = PBXFileReference; lastKnownFileType = wrapper.framework; name = Foundation.framework; path = System/Library/Frameworks/Foundation.framework; sourceTree = SDKROOT; };
		84C1A17719EDE8D100E64B40 /* CoreGraphics.framework */ = {isa = PBXFileReference; lastKnownFileType = wrapper.framework; name = CoreGraphics.framework; path = System/Library/Frameworks/CoreGraphics.framework; sourceTree = SDKROOT; };
		84C1A17919EDE8D100E64B40 /* UIKit.framework */ = {isa = PBXFileReference; lastKnownFileType = wrapper.framework; name = UIKit.framework; path = System/Library/Frameworks/UIKit.framework; sourceTree = SDKROOT; };
		84C1A17D19EDE8D100E64B40 /* FastOrdering-Info.plist */ = {isa = PBXFileReference; lastKnownFileType = text.plist.xml; path = "FastOrdering-Info.plist"; sourceTree = "<group>"; };
		84C1A17F19EDE8D100E64B40 /* en */ = {isa = PBXFileReference; lastKnownFileType = text.plist.strings; name = en; path = en.lproj/InfoPlist.strings; sourceTree = "<group>"; };
		84C1A18119EDE8D100E64B40 /* main.m */ = {isa = PBXFileReference; lastKnownFileType = sourcecode.c.objc; path = main.m; sourceTree = "<group>"; };
		84C1A18319EDE8D100E64B40 /* FastOrdering-Prefix.pch */ = {isa = PBXFileReference; lastKnownFileType = sourcecode.c.h; path = "FastOrdering-Prefix.pch"; sourceTree = "<group>"; };
		84C1A18419EDE8D100E64B40 /* AppDelegate.h */ = {isa = PBXFileReference; lastKnownFileType = sourcecode.c.h; path = AppDelegate.h; sourceTree = "<group>"; };
		84C1A18519EDE8D100E64B40 /* AppDelegate.m */ = {isa = PBXFileReference; lastKnownFileType = sourcecode.c.objc; path = AppDelegate.m; sourceTree = "<group>"; };
		84C1A18719EDE8D100E64B40 /* Images.xcassets */ = {isa = PBXFileReference; lastKnownFileType = folder.assetcatalog; path = Images.xcassets; sourceTree = "<group>"; };
		84C1A18D19EDE8D100E64B40 /* FastOrderingTests.xctest */ = {isa = PBXFileReference; explicitFileType = wrapper.cfbundle; includeInIndex = 0; path = FastOrderingTests.xctest; sourceTree = BUILT_PRODUCTS_DIR; };
		84C1A18E19EDE8D100E64B40 /* XCTest.framework */ = {isa = PBXFileReference; lastKnownFileType = wrapper.framework; name = XCTest.framework; path = Library/Frameworks/XCTest.framework; sourceTree = DEVELOPER_DIR; };
		84C1A19619EDE8D100E64B40 /* FastOrderingTests-Info.plist */ = {isa = PBXFileReference; lastKnownFileType = text.plist.xml; path = "FastOrderingTests-Info.plist"; sourceTree = "<group>"; };
		84C1A19819EDE8D100E64B40 /* en */ = {isa = PBXFileReference; lastKnownFileType = text.plist.strings; name = en; path = en.lproj/InfoPlist.strings; sourceTree = "<group>"; };
		84C1A1B619EDEE8400E64B40 /* LoginViewController.h */ = {isa = PBXFileReference; fileEncoding = 4; lastKnownFileType = sourcecode.c.h; path = LoginViewController.h; sourceTree = "<group>"; };
		84C1A1B719EDEE8400E64B40 /* LoginViewController.m */ = {isa = PBXFileReference; fileEncoding = 4; lastKnownFileType = sourcecode.c.objc; path = LoginViewController.m; sourceTree = "<group>"; };
		84C1A1BD19EDF2E900E64B40 /* MainView.xib */ = {isa = PBXFileReference; fileEncoding = 4; lastKnownFileType = file.xib; path = MainView.xib; sourceTree = "<group>"; };
		84C1A1BF19EDF35C00E64B40 /* MainViewController.h */ = {isa = PBXFileReference; fileEncoding = 4; lastKnownFileType = sourcecode.c.h; path = MainViewController.h; sourceTree = "<group>"; };
		84C1A1C019EDF35C00E64B40 /* MainViewController.m */ = {isa = PBXFileReference; fileEncoding = 4; lastKnownFileType = sourcecode.c.objc; path = MainViewController.m; sourceTree = "<group>"; };
		84C1A1C219EDF39600E64B40 /* LoginView.xib */ = {isa = PBXFileReference; fileEncoding = 4; lastKnownFileType = file.xib; path = LoginView.xib; sourceTree = "<group>"; };
		84C1A1C419EE02CC00E64B40 /* NotificationViewController.h */ = {isa = PBXFileReference; fileEncoding = 4; lastKnownFileType = sourcecode.c.h; path = NotificationViewController.h; sourceTree = "<group>"; };
		84C1A1C519EE02CC00E64B40 /* NotificationViewController.m */ = {isa = PBXFileReference; fileEncoding = 4; lastKnownFileType = sourcecode.c.objc; path = NotificationViewController.m; sourceTree = "<group>"; };
		84C1A1C719EE044800E64B40 /* NotificationView.xib */ = {isa = PBXFileReference; fileEncoding = 4; lastKnownFileType = file.xib; path = NotificationView.xib; sourceTree = "<group>"; };
		84C1A1C919EE08A600E64B40 /* TablePlanView.xib */ = {isa = PBXFileReference; fileEncoding = 4; lastKnownFileType = file.xib; path = TablePlanView.xib; sourceTree = "<group>"; };
		84C1A1CB19EE08B600E64B40 /* TablePlanViewController.h */ = {isa = PBXFileReference; fileEncoding = 4; lastKnownFileType = sourcecode.c.h; path = TablePlanViewController.h; sourceTree = "<group>"; };
		84C1A1CC19EE08B600E64B40 /* TablePlanViewController.m */ = {isa = PBXFileReference; fileEncoding = 4; lastKnownFileType = sourcecode.c.objc; path = TablePlanViewController.m; sourceTree = "<group>"; };
		84C1A1CE19EE178400E64B40 /* MenuViewController.h */ = {isa = PBXFileReference; fileEncoding = 4; lastKnownFileType = sourcecode.c.h; path = MenuViewController.h; sourceTree = "<group>"; };
		84C1A1CF19EE178400E64B40 /* MenuViewController.m */ = {isa = PBXFileReference; fileEncoding = 4; lastKnownFileType = sourcecode.c.objc; path = MenuViewController.m; sourceTree = "<group>"; };
		84C1A1D119EE3CE300E64B40 /* MenuView.xib */ = {isa = PBXFileReference; fileEncoding = 4; lastKnownFileType = file.xib; path = MenuView.xib; sourceTree = "<group>"; };
		84C290FE1AEDE11800B8193C /* HistoryView.xib */ = {isa = PBXFileReference; fileEncoding = 4; lastKnownFileType = file.xib; path = HistoryView.xib; sourceTree = "<group>"; };
		84C291001AEDE12900B8193C /* HistoryViewController.h */ = {isa = PBXFileReference; fileEncoding = 4; lastKnownFileType = sourcecode.c.h; path = HistoryViewController.h; sourceTree = "<group>"; };
		84C291011AEDE12900B8193C /* HistoryViewController.m */ = {isa = PBXFileReference; fileEncoding = 4; lastKnownFileType = sourcecode.c.objc; path = HistoryViewController.m; sourceTree = "<group>"; };
		84CA65A41BD17D67009DE1B7 /* en */ = {isa = PBXFileReference; lastKnownFileType = text.plist.strings; name = en; path = Localizable.strings; sourceTree = "<group>"; };
		84CA65A71BD17D67009DE1B7 /* fr */ = {isa = PBXFileReference; lastKnownFileType = text.plist.strings; name = fr; path = Localizable.strings; sourceTree = "<group>"; };
		84CDA38B1AA6A9C200D3D502 /* CommandViewController.h */ = {isa = PBXFileReference; fileEncoding = 4; lastKnownFileType = sourcecode.c.h; path = CommandViewController.h; sourceTree = "<group>"; };
		84CDA38C1AA6A9C200D3D502 /* CommandViewController.m */ = {isa = PBXFileReference; fileEncoding = 4; lastKnownFileType = sourcecode.c.objc; path = CommandViewController.m; sourceTree = "<group>"; };
		84CDA38E1AA6A9D800D3D502 /* CommandView.xib */ = {isa = PBXFileReference; fileEncoding = 4; lastKnownFileType = file.xib; path = CommandView.xib; sourceTree = "<group>"; };
		84D4B7AE1AD22FBC00AF57F2 /* Order+Custom.h */ = {isa = PBXFileReference; fileEncoding = 4; lastKnownFileType = sourcecode.c.h; path = "Order+Custom.h"; sourceTree = "<group>"; };
		84D4B7AF1AD22FBC00AF57F2 /* Order+Custom.m */ = {isa = PBXFileReference; fileEncoding = 4; lastKnownFileType = sourcecode.c.objc; path = "Order+Custom.m"; sourceTree = "<group>"; };
		84D4B8051AD4D75100AF57F2 /* OrderReviewModel.h */ = {isa = PBXFileReference; fileEncoding = 4; lastKnownFileType = sourcecode.c.h; path = OrderReviewModel.h; sourceTree = "<group>"; };
		84D4B8061AD4D75100AF57F2 /* OrderReviewModel.m */ = {isa = PBXFileReference; fileEncoding = 4; lastKnownFileType = sourcecode.c.objc; path = OrderReviewModel.m; sourceTree = "<group>"; };
		84D4B8081AD4D84100AF57F2 /* ReviewExpandableCell.h */ = {isa = PBXFileReference; fileEncoding = 4; lastKnownFileType = sourcecode.c.h; path = ReviewExpandableCell.h; sourceTree = "<group>"; };
		84D4B8091AD4D84100AF57F2 /* ReviewExpandableCell.m */ = {isa = PBXFileReference; fileEncoding = 4; lastKnownFileType = sourcecode.c.objc; path = ReviewExpandableCell.m; sourceTree = "<group>"; };
		84D6999A1BC3F50300520AB1 /* EditDishView.xib */ = {isa = PBXFileReference; fileEncoding = 4; lastKnownFileType = file.xib; path = EditDishView.xib; sourceTree = "<group>"; };
		84D6999C1BC3FECC00520AB1 /* EditDishViewController.h */ = {isa = PBXFileReference; fileEncoding = 4; lastKnownFileType = sourcecode.c.h; path = EditDishViewController.h; sourceTree = "<group>"; };
		84D6999D1BC3FECC00520AB1 /* EditDishViewController.m */ = {isa = PBXFileReference; fileEncoding = 4; lastKnownFileType = sourcecode.c.objc; path = EditDishViewController.m; sourceTree = "<group>"; };
		84D6999F1BC4032A00520AB1 /* OptionCell.h */ = {isa = PBXFileReference; fileEncoding = 4; lastKnownFileType = sourcecode.c.h; path = OptionCell.h; sourceTree = "<group>"; };
		84D699A01BC4032A00520AB1 /* OptionCell.m */ = {isa = PBXFileReference; fileEncoding = 4; lastKnownFileType = sourcecode.c.objc; path = OptionCell.m; sourceTree = "<group>"; };
		84D699A11BC4032A00520AB1 /* OptionCell.xib */ = {isa = PBXFileReference; fileEncoding = 4; lastKnownFileType = file.xib; path = OptionCell.xib; sourceTree = "<group>"; };
		84D699A51BC412A800520AB1 /* MenuComposition.h */ = {isa = PBXFileReference; fileEncoding = 4; lastKnownFileType = sourcecode.c.h; path = MenuComposition.h; sourceTree = "<group>"; };
		84D699A61BC412A800520AB1 /* MenuComposition.m */ = {isa = PBXFileReference; fileEncoding = 4; lastKnownFileType = sourcecode.c.objc; path = MenuComposition.m; sourceTree = "<group>"; };
		84D699A81BC412A800520AB1 /* DishCategory.h */ = {isa = PBXFileReference; fileEncoding = 4; lastKnownFileType = sourcecode.c.h; path = DishCategory.h; sourceTree = "<group>"; };
		84D699A91BC412A800520AB1 /* DishCategory.m */ = {isa = PBXFileReference; fileEncoding = 4; lastKnownFileType = sourcecode.c.objc; path = DishCategory.m; sourceTree = "<group>"; };
		84D699AB1BC412A900520AB1 /* OrderedOption.h */ = {isa = PBXFileReference; fileEncoding = 4; lastKnownFileType = sourcecode.c.h; path = OrderedOption.h; sourceTree = "<group>"; };
		84D699AC1BC412A900520AB1 /* OrderedOption.m */ = {isa = PBXFileReference; fileEncoding = 4; lastKnownFileType = sourcecode.c.objc; path = OrderedOption.m; sourceTree = "<group>"; };
		84D699AE1BC412A900520AB1 /* Menu.h */ = {isa = PBXFileReference; fileEncoding = 4; lastKnownFileType = sourcecode.c.h; path = Menu.h; sourceTree = "<group>"; };
		84D699AF1BC412A900520AB1 /* Menu.m */ = {isa = PBXFileReference; fileEncoding = 4; lastKnownFileType = sourcecode.c.objc; path = Menu.m; sourceTree = "<group>"; };
		84D699B11BC412A900520AB1 /* Dish.h */ = {isa = PBXFileReference; fileEncoding = 4; lastKnownFileType = sourcecode.c.h; path = Dish.h; sourceTree = "<group>"; };
		84D699B21BC412A900520AB1 /* Dish.m */ = {isa = PBXFileReference; fileEncoding = 4; lastKnownFileType = sourcecode.c.objc; path = Dish.m; sourceTree = "<group>"; };
		84D699B41BC412A900520AB1 /* Order.h */ = {isa = PBXFileReference; fileEncoding = 4; lastKnownFileType = sourcecode.c.h; path = Order.h; sourceTree = "<group>"; };
		84D699B51BC412A900520AB1 /* Order.m */ = {isa = PBXFileReference; fileEncoding = 4; lastKnownFileType = sourcecode.c.objc; path = Order.m; sourceTree = "<group>"; };
		84D699B71BC412A900520AB1 /* OrderContent.h */ = {isa = PBXFileReference; fileEncoding = 4; lastKnownFileType = sourcecode.c.h; path = OrderContent.h; sourceTree = "<group>"; };
		84D699B81BC412A900520AB1 /* OrderContent.m */ = {isa = PBXFileReference; fileEncoding = 4; lastKnownFileType = sourcecode.c.objc; path = OrderContent.m; sourceTree = "<group>"; };
		84D699BA1BC412A900520AB1 /* OrderedDish.h */ = {isa = PBXFileReference; fileEncoding = 4; lastKnownFileType = sourcecode.c.h; path = OrderedDish.h; sourceTree = "<group>"; };
		84D699BB1BC412A900520AB1 /* OrderedDish.m */ = {isa = PBXFileReference; fileEncoding = 4; lastKnownFileType = sourcecode.c.objc; path = OrderedDish.m; sourceTree = "<group>"; };
		84D699BD1BC412A900520AB1 /* Plan.h */ = {isa = PBXFileReference; fileEncoding = 4; lastKnownFileType = sourcecode.c.h; path = Plan.h; sourceTree = "<group>"; };
		84D699BE1BC412A900520AB1 /* Plan.m */ = {isa = PBXFileReference; fileEncoding = 4; lastKnownFileType = sourcecode.c.objc; path = Plan.m; sourceTree = "<group>"; };
		84D699C01BC412A900520AB1 /* Table.h */ = {isa = PBXFileReference; fileEncoding = 4; lastKnownFileType = sourcecode.c.h; path = Table.h; sourceTree = "<group>"; };
		84D699C11BC412A900520AB1 /* Table.m */ = {isa = PBXFileReference; fileEncoding = 4; lastKnownFileType = sourcecode.c.objc; path = Table.m; sourceTree = "<group>"; };
		84D699C61BC412A900520AB1 /* Notification.h */ = {isa = PBXFileReference; fileEncoding = 4; lastKnownFileType = sourcecode.c.h; path = Notification.h; sourceTree = "<group>"; };
		84D699C71BC412A900520AB1 /* Notification.m */ = {isa = PBXFileReference; fileEncoding = 4; lastKnownFileType = sourcecode.c.objc; path = Notification.m; sourceTree = "<group>"; };
		84D699CC1BC67F9900520AB1 /* OptionCategory.h */ = {isa = PBXFileReference; fileEncoding = 4; lastKnownFileType = sourcecode.c.h; path = OptionCategory.h; sourceTree = "<group>"; };
		84D699CD1BC67F9900520AB1 /* OptionCategory.m */ = {isa = PBXFileReference; fileEncoding = 4; lastKnownFileType = sourcecode.c.objc; path = OptionCategory.m; sourceTree = "<group>"; };
		84D699CF1BC6822300520AB1 /* Option.h */ = {isa = PBXFileReference; fileEncoding = 4; lastKnownFileType = sourcecode.c.h; path = Option.h; sourceTree = "<group>"; };
		84D699D01BC6822300520AB1 /* Option.m */ = {isa = PBXFileReference; fileEncoding = 4; lastKnownFileType = sourcecode.c.objc; path = Option.m; sourceTree = "<group>"; };
		84D699D21BC68E9800520AB1 /* OrderedDish+Custom.h */ = {isa = PBXFileReference; fileEncoding = 4; lastKnownFileType = sourcecode.c.h; path = "OrderedDish+Custom.h"; sourceTree = "<group>"; };
		84D699D31BC68E9800520AB1 /* OrderedDish+Custom.m */ = {isa = PBXFileReference; fileEncoding = 4; lastKnownFileType = sourcecode.c.objc; path = "OrderedDish+Custom.m"; sourceTree = "<group>"; };
		84D699D71BC6B82C00520AB1 /* OrderedDishTest.m */ = {isa = PBXFileReference; fileEncoding = 4; lastKnownFileType = sourcecode.c.objc; path = OrderedDishTest.m; sourceTree = "<group>"; };
		84E274521AE09BED00E5A32A /* OrderContent+Custom.h */ = {isa = PBXFileReference; fileEncoding = 4; lastKnownFileType = sourcecode.c.h; path = "OrderContent+Custom.h"; sourceTree = "<group>"; };
		84E274531AE09BED00E5A32A /* OrderContent+Custom.m */ = {isa = PBXFileReference; fileEncoding = 4; lastKnownFileType = sourcecode.c.objc; path = "OrderContent+Custom.m"; sourceTree = "<group>"; };
		84E274561AE09E3200E5A32A /* LoaderView.h */ = {isa = PBXFileReference; fileEncoding = 4; lastKnownFileType = sourcecode.c.h; path = LoaderView.h; sourceTree = "<group>"; };
		84E274571AE09E3200E5A32A /* LoaderView.m */ = {isa = PBXFileReference; fileEncoding = 4; lastKnownFileType = sourcecode.c.objc; path = LoaderView.m; sourceTree = "<group>"; };
		84E274581AE09E3200E5A32A /* LoaderView.xib */ = {isa = PBXFileReference; fileEncoding = 4; lastKnownFileType = file.xib; path = LoaderView.xib; sourceTree = "<group>"; };
		84EF67221AA4001400702897 /* SyncTests.m */ = {isa = PBXFileReference; fileEncoding = 4; lastKnownFileType = sourcecode.c.objc; path = SyncTests.m; sourceTree = "<group>"; };
/* End PBXFileReference section */

/* Begin PBXFrameworksBuildPhase section */
		84C1A16F19EDE8D100E64B40 /* Frameworks */ = {
			isa = PBXFrameworksBuildPhase;
			buildActionMask = 2147483647;
			files = (
				8408227319F4994D009BE528 /* Security.framework in Frameworks */,
				8408227119F49949009BE528 /* CFNetwork.framework in Frameworks */,
				8408226F19F49940009BE528 /* libicucore.dylib in Frameworks */,
				84C1A17819EDE8D100E64B40 /* CoreGraphics.framework in Frameworks */,
				84C1A17A19EDE8D100E64B40 /* UIKit.framework in Frameworks */,
				84C1A17619EDE8D100E64B40 /* Foundation.framework in Frameworks */,
				84B1E9F71A569CC900985E57 /* CoreData.framework in Frameworks */,
			);
			runOnlyForDeploymentPostprocessing = 0;
		};
		84C1A18A19EDE8D100E64B40 /* Frameworks */ = {
			isa = PBXFrameworksBuildPhase;
			buildActionMask = 2147483647;
			files = (
				84C1A18F19EDE8D100E64B40 /* XCTest.framework in Frameworks */,
				84C1A19119EDE8D100E64B40 /* UIKit.framework in Frameworks */,
				84C1A19019EDE8D100E64B40 /* Foundation.framework in Frameworks */,
			);
			runOnlyForDeploymentPostprocessing = 0;
		};
/* End PBXFrameworksBuildPhase section */

/* Begin PBXGroup section */
		8403EDD41A568CC6001421D3 /* Managed Objects */ = {
			isa = PBXGroup;
			children = (
				843C35681B3FBA48005D9959 /* Customs */,
				84D699CF1BC6822300520AB1 /* Option.h */,
				84D699D01BC6822300520AB1 /* Option.m */,
				84D699CC1BC67F9900520AB1 /* OptionCategory.h */,
				84D699CD1BC67F9900520AB1 /* OptionCategory.m */,
				84D699C61BC412A900520AB1 /* Notification.h */,
				84D699C71BC412A900520AB1 /* Notification.m */,
				84D699C01BC412A900520AB1 /* Table.h */,
				84D699C11BC412A900520AB1 /* Table.m */,
				84D699BD1BC412A900520AB1 /* Plan.h */,
				84D699BE1BC412A900520AB1 /* Plan.m */,
				84D699BA1BC412A900520AB1 /* OrderedDish.h */,
				84D699BB1BC412A900520AB1 /* OrderedDish.m */,
				84D699B71BC412A900520AB1 /* OrderContent.h */,
				84D699B81BC412A900520AB1 /* OrderContent.m */,
				84D699B41BC412A900520AB1 /* Order.h */,
				84D699B51BC412A900520AB1 /* Order.m */,
				84D699B11BC412A900520AB1 /* Dish.h */,
				84D699B21BC412A900520AB1 /* Dish.m */,
				84D699AE1BC412A900520AB1 /* Menu.h */,
				84D699AF1BC412A900520AB1 /* Menu.m */,
				84D699AB1BC412A900520AB1 /* OrderedOption.h */,
				84D699AC1BC412A900520AB1 /* OrderedOption.m */,
				84D699A81BC412A800520AB1 /* DishCategory.h */,
				84D699A91BC412A800520AB1 /* DishCategory.m */,
				84D699A51BC412A800520AB1 /* MenuComposition.h */,
				84D699A61BC412A800520AB1 /* MenuComposition.m */,
			);
			name = "Managed Objects";
			sourceTree = "<group>";
		};
		8408225919F4978D009BE528 /* SocketRocket */ = {
			isa = PBXGroup;
			children = (
				8408225B19F497A8009BE528 /* SRWebSocket.h */,
				8408225C19F497A8009BE528 /* SRWebSocket.m */,
			);
			name = SocketRocket;
			path = FastOrdering;
			sourceTree = "<group>";
		};
		8408225A19F49793009BE528 /* SocketIO */ = {
			isa = PBXGroup;
			children = (
				845DE82F1B7FBFC700FF4509 /* SocketIO.h */,
				845DE8301B7FBFC700FF4509 /* SocketIO.m */,
				845DE8311B7FBFC700FF4509 /* SocketIOJSONSerialization.h */,
				845DE8321B7FBFC700FF4509 /* SocketIOJSONSerialization.m */,
				845DE8331B7FBFC700FF4509 /* SocketIOPacket.h */,
				845DE8341B7FBFC700FF4509 /* SocketIOPacket.m */,
				845DE8351B7FBFC700FF4509 /* SocketIOTransport.h */,
				845DE8361B7FBFC700FF4509 /* SocketIOTransportWebsocket.h */,
				845DE8371B7FBFC700FF4509 /* SocketIOTransportWebsocket.m */,
				845DE8381B7FBFC700FF4509 /* SocketIOTransportXHR.h */,
				845DE8391B7FBFC700FF4509 /* SocketIOTransportXHR.m */,
			);
			name = SocketIO;
			path = FastOrdering;
			sourceTree = "<group>";
		};
		843C35681B3FBA48005D9959 /* Customs */ = {
			isa = PBXGroup;
			children = (
				84B1EA4B1A5A014400985E57 /* DishCategory+Custom.h */,
				84B1EA4C1A5A014400985E57 /* DishCategory+Custom.m */,
				84B1EA4E1A5A033F00985E57 /* Dish+Custom.h */,
				84B1EA4F1A5A033F00985E57 /* Dish+Custom.m */,
				844B06AA1ABBB58C00DCFBB3 /* Menu+Custom.h */,
				844B06AB1ABBB58C00DCFBB3 /* Menu+Custom.m */,
				84D4B7AE1AD22FBC00AF57F2 /* Order+Custom.h */,
				84D4B7AF1AD22FBC00AF57F2 /* Order+Custom.m */,
				84E274521AE09BED00E5A32A /* OrderContent+Custom.h */,
				84E274531AE09BED00E5A32A /* OrderContent+Custom.m */,
				84D699D21BC68E9800520AB1 /* OrderedDish+Custom.h */,
				84D699D31BC68E9800520AB1 /* OrderedDish+Custom.m */,
			);
			name = Customs;
			sourceTree = "<group>";
		};
		843C356C1B3FBC92005D9959 /* Login */ = {
			isa = PBXGroup;
			children = (
				84C1A1B619EDEE8400E64B40 /* LoginViewController.h */,
				84C1A1B719EDEE8400E64B40 /* LoginViewController.m */,
			);
			name = Login;
			sourceTree = "<group>";
		};
		843C356D1B3FBC96005D9959 /* Main */ = {
			isa = PBXGroup;
			children = (
				84C1A1BF19EDF35C00E64B40 /* MainViewController.h */,
				84C1A1C019EDF35C00E64B40 /* MainViewController.m */,
			);
			name = Main;
			sourceTree = "<group>";
		};
		843C356E1B3FBC9E005D9959 /* Order */ = {
			isa = PBXGroup;
			children = (
				84CDA38B1AA6A9C200D3D502 /* CommandViewController.h */,
				84CDA38C1AA6A9C200D3D502 /* CommandViewController.m */,
				844B06B91ABF804800DCFBB3 /* CommandMenuViewController.h */,
				844B06BA1ABF804800DCFBB3 /* CommandMenuViewController.m */,
				84D6999C1BC3FECC00520AB1 /* EditDishViewController.h */,
				84D6999D1BC3FECC00520AB1 /* EditDishViewController.m */,
			);
			name = Order;
			sourceTree = "<group>";
		};
		843C356F1B3FBCA6005D9959 /* About */ = {
			isa = PBXGroup;
			children = (
				84B1EA511A5A057800985E57 /* AboutViewController.h */,
				84B1EA521A5A057800985E57 /* AboutViewController.m */,
			);
			name = About;
			sourceTree = "<group>";
		};
		843C35701B3FBCB3005D9959 /* History */ = {
			isa = PBXGroup;
			children = (
				84C291001AEDE12900B8193C /* HistoryViewController.h */,
				84C291011AEDE12900B8193C /* HistoryViewController.m */,
			);
			name = History;
			sourceTree = "<group>";
		};
		843C35711B3FBCBE005D9959 /* Notification */ = {
			isa = PBXGroup;
			children = (
				84C1A1C419EE02CC00E64B40 /* NotificationViewController.h */,
				84C1A1C519EE02CC00E64B40 /* NotificationViewController.m */,
			);
			name = Notification;
			sourceTree = "<group>";
		};
		844B06B01ABBB76400DCFBB3 /* SLExpandableTableView */ = {
			isa = PBXGroup;
			children = (
				844B06B11ABBB76400DCFBB3 /* SLExpandableTableView.h */,
				844B06B21ABBB76400DCFBB3 /* SLExpandableTableView.m */,
			);
			path = SLExpandableTableView;
			sourceTree = "<group>";
		};
		845DE83F1B9B452400FF4509 /* Unirest */ = {
			isa = PBXGroup;
			children = (
				845DE8401B9B452400FF4509 /* Base64.h */,
				845DE8411B9B452400FF4509 /* Base64.m */,
				845DE8421B9B452400FF4509 /* HttpRequest */,
				845DE8491B9B452400FF4509 /* HttpResponse */,
				845DE8541B9B452400FF4509 /* UNIHTTPClientHelper.h */,
				845DE8551B9B452400FF4509 /* UNIHTTPClientHelper.m */,
				845DE8561B9B452400FF4509 /* UNIHTTPRequest.h */,
				845DE8571B9B452400FF4509 /* UNIHTTPRequest.m */,
				845DE8581B9B452400FF4509 /* UNIHTTPRequestWithBody.h */,
				845DE8591B9B452400FF4509 /* UNIHTTPRequestWithBody.m */,
				845DE85A1B9B452400FF4509 /* Unirest-Prefix.pch */,
				845DE85B1B9B452400FF4509 /* UNIRest.h */,
				845DE85C1B9B452400FF4509 /* UNIRest.m */,
				845DE85D1B9B452400FF4509 /* UNIUrlConnection.h */,
				845DE85E1B9B452400FF4509 /* UNIUrlConnection.m */,
			);
			path = Unirest;
			sourceTree = "<group>";
		};
		845DE8421B9B452400FF4509 /* HttpRequest */ = {
			isa = PBXGroup;
			children = (
				845DE8431B9B452400FF4509 /* UNIBaseRequest.h */,
				845DE8441B9B452400FF4509 /* UNIBaseRequest.m */,
				845DE8451B9B452400FF4509 /* UNIBodyRequest.h */,
				845DE8461B9B452400FF4509 /* UNIBodyRequest.m */,
				845DE8471B9B452400FF4509 /* UNISimpleRequest.h */,
				845DE8481B9B452400FF4509 /* UNISimpleRequest.m */,
			);
			path = HttpRequest;
			sourceTree = "<group>";
		};
		845DE8491B9B452400FF4509 /* HttpResponse */ = {
			isa = PBXGroup;
			children = (
				845DE84A1B9B452400FF4509 /* UNIHTTPBinaryResponse.h */,
				845DE84B1B9B452400FF4509 /* UNIHTTPBinaryResponse.m */,
				845DE84C1B9B452400FF4509 /* UNIHTTPJsonResponse.h */,
				845DE84D1B9B452400FF4509 /* UNIHTTPJsonResponse.m */,
				845DE84E1B9B452400FF4509 /* UNIHTTPResponse.h */,
				845DE84F1B9B452400FF4509 /* UNIHTTPResponse.m */,
				845DE8501B9B452400FF4509 /* UNIHTTPStringResponse.h */,
				845DE8511B9B452400FF4509 /* UNIHTTPStringResponse.m */,
				845DE8521B9B452400FF4509 /* UNIJsonNode.h */,
				845DE8531B9B452400FF4509 /* UNIJsonNode.m */,
			);
			path = HttpResponse;
			sourceTree = "<group>";
		};
		84B1EA3D1A57680400985E57 /* SailsIO */ = {
			isa = PBXGroup;
			children = (
				84B1EA3E1A57681100985E57 /* NSString+TrimmingAdditions.h */,
				84B1EA3F1A57681100985E57 /* NSString+TrimmingAdditions.m */,
				84B1EA401A57681100985E57 /* SocketIO+SailsIO.h */,
				84B1EA411A57681100985E57 /* SocketIO+SailsIO.m */,
			);
			name = SailsIO;
			sourceTree = "<group>";
		};
		84B1EA471A59FEBD00985E57 /* Categories */ = {
			isa = PBXGroup;
			children = (
				84B1EA481A59FF1300985E57 /* NSManagedObject+create.h */,
				84B1EA491A59FF1300985E57 /* NSManagedObject+create.m */,
				8403EDC21A51036E001421D3 /* UIColor+String.h */,
				8403EDC31A51036E001421D3 /* UIColor+String.m */,
			);
			name = Categories;
			sourceTree = "<group>";
		};
		84BF7D961A8F49EC00EC912B /* Cells */ = {
			isa = PBXGroup;
			children = (
				84BF7D9A1A8F4A2000EC912B /* NotificationCell.h */,
				84BF7D9B1A8F4A2000EC912B /* NotificationCell.m */,
				84BF7D9C1A8F4A2000EC912B /* NotificationCell.xib */,
				84BF7D9F1A8F4A4000EC912B /* OrderCell.h */,
				84BF7DA01A8F4A4000EC912B /* OrderCell.m */,
				84BF7DA11A8F4A4000EC912B /* OrderCell.xib */,
				844B06C11ABF88D800DCFBB3 /* DishCell.h */,
				844B06C21ABF88D800DCFBB3 /* DishCell.m */,
				844B06C31ABF88D800DCFBB3 /* DishCell.xib */,
				84D6999F1BC4032A00520AB1 /* OptionCell.h */,
				84D699A01BC4032A00520AB1 /* OptionCell.m */,
				84D699A11BC4032A00520AB1 /* OptionCell.xib */,
				84D699A41BC4033200520AB1 /* Expandable Cells */,
			);
			name = Cells;
			sourceTree = "<group>";
		};
		84C1A16919EDE8D100E64B40 = {
			isa = PBXGroup;
			children = (
				84C1A17B19EDE8D100E64B40 /* FastOrdering */,
				84C1A19419EDE8D100E64B40 /* FastOrderingTests */,
				84C1A17419EDE8D100E64B40 /* Frameworks */,
				84C1A17319EDE8D100E64B40 /* Products */,
			);
			sourceTree = "<group>";
		};
		84C1A17319EDE8D100E64B40 /* Products */ = {
			isa = PBXGroup;
			children = (
				84C1A17219EDE8D100E64B40 /* FastOrdering.app */,
				84C1A18D19EDE8D100E64B40 /* FastOrderingTests.xctest */,
			);
			name = Products;
			sourceTree = "<group>";
		};
		84C1A17419EDE8D100E64B40 /* Frameworks */ = {
			isa = PBXGroup;
			children = (
				845DE83F1B9B452400FF4509 /* Unirest */,
				844B06B01ABBB76400DCFBB3 /* SLExpandableTableView */,
				84B1EA3D1A57680400985E57 /* SailsIO */,
				84B1E9F61A569CC900985E57 /* CoreData.framework */,
				8408225919F4978D009BE528 /* SocketRocket */,
				8408225A19F49793009BE528 /* SocketIO */,
				8408227219F4994D009BE528 /* Security.framework */,
				8408227019F49949009BE528 /* CFNetwork.framework */,
				8408226E19F49940009BE528 /* libicucore.dylib */,
				84C1A17519EDE8D100E64B40 /* Foundation.framework */,
				84C1A17719EDE8D100E64B40 /* CoreGraphics.framework */,
				84C1A17919EDE8D100E64B40 /* UIKit.framework */,
				84C1A18E19EDE8D100E64B40 /* XCTest.framework */,
			);
			name = Frameworks;
			sourceTree = "<group>";
		};
		84C1A17B19EDE8D100E64B40 /* FastOrdering */ = {
			isa = PBXGroup;
			children = (
				84C1A1B019EDEE4500E64B40 /* Resources */,
				84C1A1B219EDEE4500E64B40 /* Views */,
				84C1A1B119EDEE4500E64B40 /* Sources */,
				84C1A18419EDE8D100E64B40 /* AppDelegate.h */,
				84C1A18519EDE8D100E64B40 /* AppDelegate.m */,
				84C1A18719EDE8D100E64B40 /* Images.xcassets */,
				8403EDD11A5685A4001421D3 /* FastOrdering.xcdatamodeld */,
				84C1A17C19EDE8D100E64B40 /* Supporting Files */,
			);
			path = FastOrdering;
			sourceTree = "<group>";
		};
		84C1A17C19EDE8D100E64B40 /* Supporting Files */ = {
			isa = PBXGroup;
			children = (
				84C1A17D19EDE8D100E64B40 /* FastOrdering-Info.plist */,
				84C1A17E19EDE8D100E64B40 /* InfoPlist.strings */,
				84C1A18119EDE8D100E64B40 /* main.m */,
				84C1A18319EDE8D100E64B40 /* FastOrdering-Prefix.pch */,
			);
			name = "Supporting Files";
			sourceTree = "<group>";
		};
		84C1A19419EDE8D100E64B40 /* FastOrderingTests */ = {
			isa = PBXGroup;
			children = (
				84EF67221AA4001400702897 /* SyncTests.m */,
				84C1A19519EDE8D100E64B40 /* Supporting Files */,
				845701271B1C0FB400532ED5 /* OrderTests.m */,
				843C35721B3FC20B005D9959 /* MenuModelTest.m */,
				843C35741B3FCC3C005D9959 /* DishCategoryTest.m */,
				843C35791B40C546005D9959 /* OrderContentTest.m */,
				84D699D71BC6B82C00520AB1 /* OrderedDishTest.m */,
			);
			path = FastOrderingTests;
			sourceTree = "<group>";
		};
		84C1A19519EDE8D100E64B40 /* Supporting Files */ = {
			isa = PBXGroup;
			children = (
				84C1A19619EDE8D100E64B40 /* FastOrderingTests-Info.plist */,
				84C1A19719EDE8D100E64B40 /* InfoPlist.strings */,
			);
			name = "Supporting Files";
			sourceTree = "<group>";
		};
		84C1A1B019EDEE4500E64B40 /* Resources */ = {
			isa = PBXGroup;
			children = (
				84CA65A21BD17D67009DE1B7 /* en.lproj */,
				84CA65A51BD17D67009DE1B7 /* fr.lproj */,
			);
			path = Resources;
			sourceTree = "<group>";
		};
		84C1A1B119EDEE4500E64B40 /* Sources */ = {
			isa = PBXGroup;
			children = (
				84B1EA471A59FEBD00985E57 /* Categories */,
				84C1A1B419EDEE5200E64B40 /* Models */,
				84C1A1B319EDEE4900E64B40 /* Controllers */,
			);
			path = Sources;
			sourceTree = "<group>";
		};
		84C1A1B219EDEE4500E64B40 /* Views */ = {
			isa = PBXGroup;
			children = (
				84E274551AE09E2200E5A32A /* Loader */,
				84BF7D961A8F49EC00EC912B /* Cells */,
				84C1A1C219EDF39600E64B40 /* LoginView.xib */,
				84C1A1BD19EDF2E900E64B40 /* MainView.xib */,
				84C1A1C719EE044800E64B40 /* NotificationView.xib */,
				84C1A1C919EE08A600E64B40 /* TablePlanView.xib */,
				84C1A1D119EE3CE300E64B40 /* MenuView.xib */,
				84B1EA541A5A058700985E57 /* AboutView.xib */,
				84CDA38E1AA6A9D800D3D502 /* CommandView.xib */,
				844B06BB1ABF804800DCFBB3 /* CommandMenuView.xib */,
				84C290FE1AEDE11800B8193C /* HistoryView.xib */,
				84D6999A1BC3F50300520AB1 /* EditDishView.xib */,
			);
			path = Views;
			sourceTree = "<group>";
		};
		84C1A1B319EDEE4900E64B40 /* Controllers */ = {
			isa = PBXGroup;
			children = (
				843C356C1B3FBC92005D9959 /* Login */,
				843C356D1B3FBC96005D9959 /* Main */,
				843C35711B3FBCBE005D9959 /* Notification */,
				843C35701B3FBCB3005D9959 /* History */,
				843C356F1B3FBCA6005D9959 /* About */,
				843C356E1B3FBC9E005D9959 /* Order */,
				84C1A1CB19EE08B600E64B40 /* TablePlanViewController.h */,
				84C1A1CC19EE08B600E64B40 /* TablePlanViewController.m */,
				84C1A1CE19EE178400E64B40 /* MenuViewController.h */,
				84C1A1CF19EE178400E64B40 /* MenuViewController.m */,
			);
			name = Controllers;
			sourceTree = "<group>";
		};
		84C1A1B419EDEE5200E64B40 /* Models */ = {
			isa = PBXGroup;
			children = (
				8403EDCE1A5681F7001421D3 /* SyncHelper.h */,
				8403EDCF1A5681F7001421D3 /* SyncHelper.m */,
				84008C6B1A75FAB40012F873 /* SocketHelper.h */,
				84008C6C1A75FAB40012F873 /* SocketHelper.m */,
				844B06A41ABBB29A00DCFBB3 /* OrderMenuModel.h */,
				844B06A51ABBB29A00DCFBB3 /* OrderMenuModel.m */,
				844B06A71ABBB2B000DCFBB3 /* OrderALaCarteModel.h */,
				844B06A81ABBB2B000DCFBB3 /* OrderALaCarteModel.m */,
				84D4B8051AD4D75100AF57F2 /* OrderReviewModel.h */,
				84D4B8061AD4D75100AF57F2 /* OrderReviewModel.m */,
				843C35691B3FBBC7005D9959 /* MenuModel.h */,
				843C356A1B3FBBC7005D9959 /* MenuModel.m */,
				8403EDD41A568CC6001421D3 /* Managed Objects */,
			);
			name = Models;
			sourceTree = "<group>";
		};
		84CA65A21BD17D67009DE1B7 /* en.lproj */ = {
			isa = PBXGroup;
			children = (
				84CA65A31BD17D67009DE1B7 /* Localizable.strings */,
			);
			path = en.lproj;
			sourceTree = "<group>";
		};
		84CA65A51BD17D67009DE1B7 /* fr.lproj */ = {
			isa = PBXGroup;
			children = (
				84CA65A61BD17D67009DE1B7 /* Localizable.strings */,
			);
			path = fr.lproj;
			sourceTree = "<group>";
		};
		84D699A41BC4033200520AB1 /* Expandable Cells */ = {
			isa = PBXGroup;
			children = (
				844B06B61ABD4CF600DCFBB3 /* MenuExpandableCell.h */,
				844B06B71ABD4CF600DCFBB3 /* MenuExpandableCell.m */,
				844B06BE1ABF81FA00DCFBB3 /* CategoryExpandableCell.h */,
				844B06BF1ABF81FA00DCFBB3 /* CategoryExpandableCell.m */,
				84D4B8081AD4D84100AF57F2 /* ReviewExpandableCell.h */,
				84D4B8091AD4D84100AF57F2 /* ReviewExpandableCell.m */,
			);
			name = "Expandable Cells";
			sourceTree = "<group>";
		};
		84E274551AE09E2200E5A32A /* Loader */ = {
			isa = PBXGroup;
			children = (
				84E274561AE09E3200E5A32A /* LoaderView.h */,
				84E274571AE09E3200E5A32A /* LoaderView.m */,
				84E274581AE09E3200E5A32A /* LoaderView.xib */,
			);
			name = Loader;
			sourceTree = "<group>";
		};
/* End PBXGroup section */

/* Begin PBXNativeTarget section */
		84C1A17119EDE8D100E64B40 /* FastOrdering */ = {
			isa = PBXNativeTarget;
			buildConfigurationList = 84C1A19E19EDE8D100E64B40 /* Build configuration list for PBXNativeTarget "FastOrdering" */;
			buildPhases = (
				84C1A16E19EDE8D100E64B40 /* Sources */,
				84C1A16F19EDE8D100E64B40 /* Frameworks */,
				84C1A1A419EDECAE00E64B40 /* ShellScript */,
				84C1A17019EDE8D100E64B40 /* Resources */,
			);
			buildRules = (
			);
			dependencies = (
			);
			name = FastOrdering;
			productName = FastOrdering;
			productReference = 84C1A17219EDE8D100E64B40 /* FastOrdering.app */;
			productType = "com.apple.product-type.application";
		};
		84C1A18C19EDE8D100E64B40 /* FastOrderingTests */ = {
			isa = PBXNativeTarget;
			buildConfigurationList = 84C1A1A119EDE8D100E64B40 /* Build configuration list for PBXNativeTarget "FastOrderingTests" */;
			buildPhases = (
				84C1A18919EDE8D100E64B40 /* Sources */,
				84C1A18A19EDE8D100E64B40 /* Frameworks */,
				84C1A18B19EDE8D100E64B40 /* Resources */,
			);
			buildRules = (
			);
			dependencies = (
				84C1A19319EDE8D100E64B40 /* PBXTargetDependency */,
			);
			name = FastOrderingTests;
			productName = FastOrderingTests;
			productReference = 84C1A18D19EDE8D100E64B40 /* FastOrderingTests.xctest */;
			productType = "com.apple.product-type.bundle.unit-test";
		};
/* End PBXNativeTarget section */

/* Begin PBXProject section */
		84C1A16A19EDE8D100E64B40 /* Project object */ = {
			isa = PBXProject;
			attributes = {
				LastUpgradeCheck = 0510;
				ORGANIZATIONNAME = lucas.bergognon;
				TargetAttributes = {
					84C1A18C19EDE8D100E64B40 = {
						TestTargetID = 84C1A17119EDE8D100E64B40;
					};
				};
			};
			buildConfigurationList = 84C1A16D19EDE8D100E64B40 /* Build configuration list for PBXProject "FastOrdering" */;
			compatibilityVersion = "Xcode 3.2";
			developmentRegion = English;
			hasScannedForEncodings = 0;
			knownRegions = (
				en,
				fr,
			);
			mainGroup = 84C1A16919EDE8D100E64B40;
			productRefGroup = 84C1A17319EDE8D100E64B40 /* Products */;
			projectDirPath = "";
			projectRoot = "";
			targets = (
				84C1A17119EDE8D100E64B40 /* FastOrdering */,
				84C1A18C19EDE8D100E64B40 /* FastOrderingTests */,
			);
		};
/* End PBXProject section */

/* Begin PBXResourcesBuildPhase section */
		84C1A17019EDE8D100E64B40 /* Resources */ = {
			isa = PBXResourcesBuildPhase;
			buildActionMask = 2147483647;
			files = (
				84BF7DA31A8F4A4000EC912B /* OrderCell.xib in Resources */,
				84C1A18019EDE8D100E64B40 /* InfoPlist.strings in Resources */,
				84C1A1BE19EDF2E900E64B40 /* MainView.xib in Resources */,
				84BF7D9E1A8F4A2000EC912B /* NotificationCell.xib in Resources */,
				84C1A1D219EE3CE300E64B40 /* MenuView.xib in Resources */,
				84C1A1CA19EE08A600E64B40 /* TablePlanView.xib in Resources */,
				84B1EA551A5A058700985E57 /* AboutView.xib in Resources */,
				84D699A31BC4032A00520AB1 /* OptionCell.xib in Resources */,
				84CDA38F1AA6A9D800D3D502 /* CommandView.xib in Resources */,
				84D6999B1BC3F50300520AB1 /* EditDishView.xib in Resources */,
				844B06C51ABF88D800DCFBB3 /* DishCell.xib in Resources */,
				84E2745A1AE09E3200E5A32A /* LoaderView.xib in Resources */,
				84C1A1C319EDF39600E64B40 /* LoginView.xib in Resources */,
				84CA65A81BD17D67009DE1B7 /* Localizable.strings in Resources */,
				84C1A18819EDE8D100E64B40 /* Images.xcassets in Resources */,
				84C290FF1AEDE11900B8193C /* HistoryView.xib in Resources */,
				84CA65A91BD17D67009DE1B7 /* Localizable.strings in Resources */,
				844B06BD1ABF804800DCFBB3 /* CommandMenuView.xib in Resources */,
				84C1A1C819EE044800E64B40 /* NotificationView.xib in Resources */,
			);
			runOnlyForDeploymentPostprocessing = 0;
		};
		84C1A18B19EDE8D100E64B40 /* Resources */ = {
			isa = PBXResourcesBuildPhase;
			buildActionMask = 2147483647;
			files = (
				84C1A19919EDE8D100E64B40 /* InfoPlist.strings in Resources */,
			);
			runOnlyForDeploymentPostprocessing = 0;
		};
/* End PBXResourcesBuildPhase section */

/* Begin PBXShellScriptBuildPhase section */
		84C1A1A419EDECAE00E64B40 /* ShellScript */ = {
			isa = PBXShellScriptBuildPhase;
			buildActionMask = 2147483647;
			files = (
			);
			inputPaths = (
			);
			outputPaths = (
			);
			runOnlyForDeploymentPostprocessing = 0;
			shellPath = /bin/sh;
			shellScript = "buildNumber=$(/usr/libexec/PlistBuddy -c \"Print CFBundleVersion\" \"$INFOPLIST_FILE\")\nbuildNumber=$(($buildNumber + 1))\n/usr/libexec/PlistBuddy -c \"Set :CFBundleVersion $buildNumber\" \"$INFOPLIST_FILE\"";
		};
/* End PBXShellScriptBuildPhase section */

/* Begin PBXSourcesBuildPhase section */
		84C1A16E19EDE8D100E64B40 /* Sources */ = {
			isa = PBXSourcesBuildPhase;
			buildActionMask = 2147483647;
			files = (
				84D699B91BC412A900520AB1 /* OrderContent.m in Sources */,
				845DE85F1B9B452400FF4509 /* Base64.m in Sources */,
				845DE8651B9B452400FF4509 /* UNIHTTPResponse.m in Sources */,
				84B1EA4A1A59FF1300985E57 /* NSManagedObject+create.m in Sources */,
				843C356B1B3FBBC7005D9959 /* MenuModel.m in Sources */,
				84B1EA421A57681100985E57 /* NSString+TrimmingAdditions.m in Sources */,
				84D699C81BC412A900520AB1 /* Notification.m in Sources */,
				84D699B31BC412A900520AB1 /* Dish.m in Sources */,
				84BF7DA21A8F4A4000EC912B /* OrderCell.m in Sources */,
				845DE8601B9B452400FF4509 /* UNIBaseRequest.m in Sources */,
				845DE86A1B9B452400FF4509 /* UNIHTTPRequestWithBody.m in Sources */,
				8403EDD31A5685A4001421D3 /* FastOrdering.xcdatamodeld in Sources */,
				84D699A71BC412A800520AB1 /* MenuComposition.m in Sources */,
				845DE83E1B7FBFC700FF4509 /* SocketIOTransportXHR.m in Sources */,
				845DE8661B9B452400FF4509 /* UNIHTTPStringResponse.m in Sources */,
				84C1A1CD19EE08B600E64B40 /* TablePlanViewController.m in Sources */,
				84B1EA531A5A057800985E57 /* AboutViewController.m in Sources */,
				844B06B81ABD4CF600DCFBB3 /* MenuExpandableCell.m in Sources */,
				84D699BC1BC412A900520AB1 /* OrderedDish.m in Sources */,
				844B06C41ABF88D800DCFBB3 /* DishCell.m in Sources */,
				84C1A18619EDE8D100E64B40 /* AppDelegate.m in Sources */,
				84D699CE1BC67F9900520AB1 /* OptionCategory.m in Sources */,
				84D699B61BC412A900520AB1 /* Order.m in Sources */,
				845DE83C1B7FBFC700FF4509 /* SocketIOPacket.m in Sources */,
				84D699BF1BC412A900520AB1 /* Plan.m in Sources */,
				84CDA38D1AA6A9C200D3D502 /* CommandViewController.m in Sources */,
				84C1A18219EDE8D100E64B40 /* main.m in Sources */,
				84D4B80A1AD4D84100AF57F2 /* ReviewExpandableCell.m in Sources */,
				84B1EA501A5A033F00985E57 /* Dish+Custom.m in Sources */,
				84E274591AE09E3200E5A32A /* LoaderView.m in Sources */,
				844B06B31ABBB76400DCFBB3 /* SLExpandableTableView.m in Sources */,
				84B1EA4D1A5A014400985E57 /* DishCategory+Custom.m in Sources */,
				84C1A1B819EDEE8400E64B40 /* LoginViewController.m in Sources */,
				845DE8641B9B452400FF4509 /* UNIHTTPJsonResponse.m in Sources */,
				844B06A91ABBB2B000DCFBB3 /* OrderALaCarteModel.m in Sources */,
				845DE8611B9B452400FF4509 /* UNIBodyRequest.m in Sources */,
				845DE8671B9B452400FF4509 /* UNIJsonNode.m in Sources */,
				84D4B8071AD4D75100AF57F2 /* OrderReviewModel.m in Sources */,
				845DE8681B9B452400FF4509 /* UNIHTTPClientHelper.m in Sources */,
				845DE8631B9B452400FF4509 /* UNIHTTPBinaryResponse.m in Sources */,
				844B06A61ABBB29A00DCFBB3 /* OrderMenuModel.m in Sources */,
				8403EDC41A51036E001421D3 /* UIColor+String.m in Sources */,
				84D699D11BC6822300520AB1 /* Option.m in Sources */,
				845DE8621B9B452400FF4509 /* UNISimpleRequest.m in Sources */,
				844B06BC1ABF804800DCFBB3 /* CommandMenuViewController.m in Sources */,
				84C291021AEDE12900B8193C /* HistoryViewController.m in Sources */,
				845DE86B1B9B452500FF4509 /* UNIRest.m in Sources */,
				845DE83A1B7FBFC700FF4509 /* SocketIO.m in Sources */,
				84D699D41BC68E9800520AB1 /* OrderedDish+Custom.m in Sources */,
				84D699AA1BC412A800520AB1 /* DishCategory.m in Sources */,
				84D4B7B01AD22FBC00AF57F2 /* Order+Custom.m in Sources */,
				84008C6D1A75FAB40012F873 /* SocketHelper.m in Sources */,
				84BF7D9D1A8F4A2000EC912B /* NotificationCell.m in Sources */,
				845DE83D1B7FBFC700FF4509 /* SocketIOTransportWebsocket.m in Sources */,
				845DE8691B9B452400FF4509 /* UNIHTTPRequest.m in Sources */,
				84D6999E1BC3FECC00520AB1 /* EditDishViewController.m in Sources */,
				8403EDD01A5681F7001421D3 /* SyncHelper.m in Sources */,
				84D699AD1BC412A900520AB1 /* OrderedOption.m in Sources */,
				845DE86C1B9B452500FF4509 /* UNIUrlConnection.m in Sources */,
				8408225D19F497A8009BE528 /* SRWebSocket.m in Sources */,
				84C1A1D019EE178400E64B40 /* MenuViewController.m in Sources */,
				84D699A21BC4032A00520AB1 /* OptionCell.m in Sources */,
				84B1EA431A57681100985E57 /* SocketIO+SailsIO.m in Sources */,
				84D699C21BC412A900520AB1 /* Table.m in Sources */,
				84C1A1C619EE02CC00E64B40 /* NotificationViewController.m in Sources */,
				844B06AC1ABBB58C00DCFBB3 /* Menu+Custom.m in Sources */,
				84C1A1C119EDF35C00E64B40 /* MainViewController.m in Sources */,
				84D699B01BC412A900520AB1 /* Menu.m in Sources */,
				84E274541AE09BED00E5A32A /* OrderContent+Custom.m in Sources */,
				844B06C01ABF81FA00DCFBB3 /* CategoryExpandableCell.m in Sources */,
				845DE83B1B7FBFC700FF4509 /* SocketIOJSONSerialization.m in Sources */,
			);
			runOnlyForDeploymentPostprocessing = 0;
		};
		84C1A18919EDE8D100E64B40 /* Sources */ = {
			isa = PBXSourcesBuildPhase;
			buildActionMask = 2147483647;
			files = (
				845701281B1C0FB400532ED5 /* OrderTests.m in Sources */,
				84EF67231AA4001400702897 /* SyncTests.m in Sources */,
				84D699D81BC6B82C00520AB1 /* OrderedDishTest.m in Sources */,
				843C35731B3FC20B005D9959 /* MenuModelTest.m in Sources */,
				843C35751B3FCC3C005D9959 /* DishCategoryTest.m in Sources */,
				843C357A1B40C546005D9959 /* OrderContentTest.m in Sources */,
			);
			runOnlyForDeploymentPostprocessing = 0;
		};
/* End PBXSourcesBuildPhase section */

/* Begin PBXTargetDependency section */
		84C1A19319EDE8D100E64B40 /* PBXTargetDependency */ = {
			isa = PBXTargetDependency;
			target = 84C1A17119EDE8D100E64B40 /* FastOrdering */;
			targetProxy = 84C1A19219EDE8D100E64B40 /* PBXContainerItemProxy */;
		};
/* End PBXTargetDependency section */

/* Begin PBXVariantGroup section */
		84C1A17E19EDE8D100E64B40 /* InfoPlist.strings */ = {
			isa = PBXVariantGroup;
			children = (
				84C1A17F19EDE8D100E64B40 /* en */,
				84BF7DA41A90210100EC912B /* fr */,
			);
			name = InfoPlist.strings;
			sourceTree = "<group>";
		};
		84C1A19719EDE8D100E64B40 /* InfoPlist.strings */ = {
			isa = PBXVariantGroup;
			children = (
				84C1A19819EDE8D100E64B40 /* en */,
				84BF7DA51A90210100EC912B /* fr */,
			);
			name = InfoPlist.strings;
			sourceTree = "<group>";
		};
		84CA65A31BD17D67009DE1B7 /* Localizable.strings */ = {
			isa = PBXVariantGroup;
			children = (
				84CA65A41BD17D67009DE1B7 /* en */,
			);
			name = Localizable.strings;
			sourceTree = "<group>";
		};
		84CA65A61BD17D67009DE1B7 /* Localizable.strings */ = {
			isa = PBXVariantGroup;
			children = (
				84CA65A71BD17D67009DE1B7 /* fr */,
			);
			name = Localizable.strings;
			sourceTree = "<group>";
		};
/* End PBXVariantGroup section */

/* Begin XCBuildConfiguration section */
		84C1A19C19EDE8D100E64B40 /* Debug */ = {
			isa = XCBuildConfiguration;
			buildSettings = {
				ALWAYS_SEARCH_USER_PATHS = NO;
				CLANG_CXX_LANGUAGE_STANDARD = "gnu++0x";
				CLANG_CXX_LIBRARY = "libc++";
				CLANG_ENABLE_MODULES = YES;
				CLANG_ENABLE_OBJC_ARC = YES;
				CLANG_WARN_BOOL_CONVERSION = YES;
				CLANG_WARN_CONSTANT_CONVERSION = YES;
				CLANG_WARN_DIRECT_OBJC_ISA_USAGE = YES_ERROR;
				CLANG_WARN_EMPTY_BODY = YES;
				CLANG_WARN_ENUM_CONVERSION = YES;
				CLANG_WARN_INT_CONVERSION = YES;
				CLANG_WARN_OBJC_ROOT_CLASS = YES_ERROR;
				CLANG_WARN__DUPLICATE_METHOD_MATCH = YES;
				"CODE_SIGN_IDENTITY[sdk=iphoneos*]" = "iPhone Developer";
				COPY_PHASE_STRIP = NO;
				GCC_C_LANGUAGE_STANDARD = gnu99;
				GCC_DYNAMIC_NO_PIC = NO;
				GCC_OPTIMIZATION_LEVEL = 0;
				GCC_PREPROCESSOR_DEFINITIONS = (
					"DEBUG=1",
					"$(inherited)",
				);
				GCC_SYMBOLS_PRIVATE_EXTERN = NO;
				GCC_WARN_64_TO_32_BIT_CONVERSION = YES;
				GCC_WARN_ABOUT_RETURN_TYPE = YES_ERROR;
				GCC_WARN_UNDECLARED_SELECTOR = YES;
				GCC_WARN_UNINITIALIZED_AUTOS = YES_AGGRESSIVE;
				GCC_WARN_UNUSED_FUNCTION = YES;
				GCC_WARN_UNUSED_VARIABLE = YES;
				IPHONEOS_DEPLOYMENT_TARGET = 7.1;
				ONLY_ACTIVE_ARCH = YES;
				PROVISIONING_PROFILE = "e1ed0d61-0e6d-4a7a-bc76-52d0befb57b7";
				SDKROOT = iphoneos;
			};
			name = Debug;
		};
		84C1A19D19EDE8D100E64B40 /* Release */ = {
			isa = XCBuildConfiguration;
			buildSettings = {
				ALWAYS_SEARCH_USER_PATHS = NO;
				CLANG_CXX_LANGUAGE_STANDARD = "gnu++0x";
				CLANG_CXX_LIBRARY = "libc++";
				CLANG_ENABLE_MODULES = YES;
				CLANG_ENABLE_OBJC_ARC = YES;
				CLANG_WARN_BOOL_CONVERSION = YES;
				CLANG_WARN_CONSTANT_CONVERSION = YES;
				CLANG_WARN_DIRECT_OBJC_ISA_USAGE = YES_ERROR;
				CLANG_WARN_EMPTY_BODY = YES;
				CLANG_WARN_ENUM_CONVERSION = YES;
				CLANG_WARN_INT_CONVERSION = YES;
				CLANG_WARN_OBJC_ROOT_CLASS = YES_ERROR;
				CLANG_WARN__DUPLICATE_METHOD_MATCH = YES;
				"CODE_SIGN_IDENTITY[sdk=iphoneos*]" = "iPhone Developer";
				COPY_PHASE_STRIP = YES;
				ENABLE_NS_ASSERTIONS = NO;
				GCC_C_LANGUAGE_STANDARD = gnu99;
				GCC_WARN_64_TO_32_BIT_CONVERSION = YES;
				GCC_WARN_ABOUT_RETURN_TYPE = YES_ERROR;
				GCC_WARN_UNDECLARED_SELECTOR = YES;
				GCC_WARN_UNINITIALIZED_AUTOS = YES_AGGRESSIVE;
				GCC_WARN_UNUSED_FUNCTION = YES;
				GCC_WARN_UNUSED_VARIABLE = YES;
				IPHONEOS_DEPLOYMENT_TARGET = 7.1;
				PROVISIONING_PROFILE = "e1ed0d61-0e6d-4a7a-bc76-52d0befb57b7";
				SDKROOT = iphoneos;
				VALIDATE_PRODUCT = YES;
			};
			name = Release;
		};
		84C1A19F19EDE8D100E64B40 /* Debug */ = {
			isa = XCBuildConfiguration;
			buildSettings = {
				ASSETCATALOG_COMPILER_APPICON_NAME = AppIcon;
				ASSETCATALOG_COMPILER_LAUNCHIMAGE_NAME = LaunchImage;
				CODE_SIGN_IDENTITY = "iPhone Developer: Lucas Bergognon (9656FHRK6E)";
				GCC_PRECOMPILE_PREFIX_HEADER = YES;
				GCC_PREFIX_HEADER = "FastOrdering/FastOrdering-Prefix.pch";
				INFOPLIST_FILE = "FastOrdering/FastOrdering-Info.plist";
				OTHER_LDFLAGS = "";
				PRODUCT_NAME = "$(TARGET_NAME)";
				PROVISIONING_PROFILE = "e1ed0d61-0e6d-4a7a-bc76-52d0befb57b7";
				WRAPPER_EXTENSION = app;
			};
			name = Debug;
		};
		84C1A1A019EDE8D100E64B40 /* Release */ = {
			isa = XCBuildConfiguration;
			buildSettings = {
				ASSETCATALOG_COMPILER_APPICON_NAME = AppIcon;
				ASSETCATALOG_COMPILER_LAUNCHIMAGE_NAME = LaunchImage;
				CODE_SIGN_IDENTITY = "iPhone Developer: Lucas Bergognon (9656FHRK6E)";
				GCC_PRECOMPILE_PREFIX_HEADER = YES;
				GCC_PREFIX_HEADER = "FastOrdering/FastOrdering-Prefix.pch";
				INFOPLIST_FILE = "FastOrdering/FastOrdering-Info.plist";
				OTHER_LDFLAGS = "";
				PRODUCT_NAME = "$(TARGET_NAME)";
				PROVISIONING_PROFILE = "e1ed0d61-0e6d-4a7a-bc76-52d0befb57b7";
				WRAPPER_EXTENSION = app;
			};
			name = Release;
		};
		84C1A1A219EDE8D100E64B40 /* Debug */ = {
			isa = XCBuildConfiguration;
			buildSettings = {
				BUNDLE_LOADER = "$(BUILT_PRODUCTS_DIR)/FastOrdering.app/FastOrdering";
				FRAMEWORK_SEARCH_PATHS = (
					"$(SDKROOT)/Developer/Library/Frameworks",
					"$(inherited)",
					"$(DEVELOPER_FRAMEWORKS_DIR)",
				);
				GCC_PRECOMPILE_PREFIX_HEADER = YES;
				GCC_PREFIX_HEADER = "FastOrdering/FastOrdering-Prefix.pch";
				GCC_PREPROCESSOR_DEFINITIONS = (
					"DEBUG=1",
					"$(inherited)",
				);
				INFOPLIST_FILE = "FastOrderingTests/FastOrderingTests-Info.plist";
				PRODUCT_NAME = "$(TARGET_NAME)";
				TEST_HOST = "$(BUNDLE_LOADER)";
				WRAPPER_EXTENSION = xctest;
			};
			name = Debug;
		};
		84C1A1A319EDE8D100E64B40 /* Release */ = {
			isa = XCBuildConfiguration;
			buildSettings = {
				BUNDLE_LOADER = "$(BUILT_PRODUCTS_DIR)/FastOrdering.app/FastOrdering";
				FRAMEWORK_SEARCH_PATHS = (
					"$(SDKROOT)/Developer/Library/Frameworks",
					"$(inherited)",
					"$(DEVELOPER_FRAMEWORKS_DIR)",
				);
				GCC_PRECOMPILE_PREFIX_HEADER = YES;
				GCC_PREFIX_HEADER = "FastOrdering/FastOrdering-Prefix.pch";
				INFOPLIST_FILE = "FastOrderingTests/FastOrderingTests-Info.plist";
				PRODUCT_NAME = "$(TARGET_NAME)";
				TEST_HOST = "$(BUNDLE_LOADER)";
				WRAPPER_EXTENSION = xctest;
			};
			name = Release;
		};
/* End XCBuildConfiguration section */

/* Begin XCConfigurationList section */
		84C1A16D19EDE8D100E64B40 /* Build configuration list for PBXProject "FastOrdering" */ = {
			isa = XCConfigurationList;
			buildConfigurations = (
				84C1A19C19EDE8D100E64B40 /* Debug */,
				84C1A19D19EDE8D100E64B40 /* Release */,
			);
			defaultConfigurationIsVisible = 0;
			defaultConfigurationName = Release;
		};
		84C1A19E19EDE8D100E64B40 /* Build configuration list for PBXNativeTarget "FastOrdering" */ = {
			isa = XCConfigurationList;
			buildConfigurations = (
				84C1A19F19EDE8D100E64B40 /* Debug */,
				84C1A1A019EDE8D100E64B40 /* Release */,
			);
			defaultConfigurationIsVisible = 0;
			defaultConfigurationName = Release;
		};
		84C1A1A119EDE8D100E64B40 /* Build configuration list for PBXNativeTarget "FastOrderingTests" */ = {
			isa = XCConfigurationList;
			buildConfigurations = (
				84C1A1A219EDE8D100E64B40 /* Debug */,
				84C1A1A319EDE8D100E64B40 /* Release */,
			);
			defaultConfigurationIsVisible = 0;
			defaultConfigurationName = Release;
		};
/* End XCConfigurationList section */

/* Begin XCVersionGroup section */
		8403EDD11A5685A4001421D3 /* FastOrdering.xcdatamodeld */ = {
			isa = XCVersionGroup;
			children = (
				8403EDD21A5685A4001421D3 /* FastOrdering.xcdatamodel */,
			);
			currentVersion = 8403EDD21A5685A4001421D3 /* FastOrdering.xcdatamodel */;
			path = FastOrdering.xcdatamodeld;
			sourceTree = "<group>";
			versionGroupType = wrapper.xcdatamodel;
		};
/* End XCVersionGroup section */
	};
	rootObject = 84C1A16A19EDE8D100E64B40 /* Project object */;
}
